// !$*UTF8*$!
{
	archiveVersion = 1;
	classes = {
	};
	objectVersion = 46;
	objects = {

/* Begin PBXBuildFile section */
		01D5397D1C32847300C2A163 /* MKAnnotationView+WebCache.m in Sources */ = {isa = PBXBuildFile; fileRef = 01D5395D1C32847300C2A163 /* MKAnnotationView+WebCache.m */; };
		01D5397E1C32847300C2A163 /* NSData+ImageContentType.m in Sources */ = {isa = PBXBuildFile; fileRef = 01D5395F1C32847300C2A163 /* NSData+ImageContentType.m */; };
		01D5397F1C32847300C2A163 /* SDImageCache.m in Sources */ = {isa = PBXBuildFile; fileRef = 01D539611C32847300C2A163 /* SDImageCache.m */; };
		01D539801C32847300C2A163 /* SDWebImageCompat.m in Sources */ = {isa = PBXBuildFile; fileRef = 01D539631C32847300C2A163 /* SDWebImageCompat.m */; };
		01D539811C32847300C2A163 /* SDWebImageDecoder.m in Sources */ = {isa = PBXBuildFile; fileRef = 01D539651C32847300C2A163 /* SDWebImageDecoder.m */; };
		01D539821C32847300C2A163 /* SDWebImageDownloader.m in Sources */ = {isa = PBXBuildFile; fileRef = 01D539671C32847300C2A163 /* SDWebImageDownloader.m */; };
		01D539831C32847300C2A163 /* SDWebImageDownloaderOperation.m in Sources */ = {isa = PBXBuildFile; fileRef = 01D539691C32847300C2A163 /* SDWebImageDownloaderOperation.m */; };
		01D539841C32847300C2A163 /* SDWebImageManager.m in Sources */ = {isa = PBXBuildFile; fileRef = 01D5396B1C32847300C2A163 /* SDWebImageManager.m */; };
		01D539851C32847300C2A163 /* SDWebImagePrefetcher.m in Sources */ = {isa = PBXBuildFile; fileRef = 01D5396E1C32847300C2A163 /* SDWebImagePrefetcher.m */; };
		01D539861C32847300C2A163 /* UIButton+WebCache.m in Sources */ = {isa = PBXBuildFile; fileRef = 01D539701C32847300C2A163 /* UIButton+WebCache.m */; };
		01D539871C32847300C2A163 /* UIImage+GIF.m in Sources */ = {isa = PBXBuildFile; fileRef = 01D539721C32847300C2A163 /* UIImage+GIF.m */; };
		01D539881C32847300C2A163 /* UIImage+MultiFormat.m in Sources */ = {isa = PBXBuildFile; fileRef = 01D539741C32847300C2A163 /* UIImage+MultiFormat.m */; };
		01D539891C32847300C2A163 /* UIImage+WebP.m in Sources */ = {isa = PBXBuildFile; fileRef = 01D539761C32847300C2A163 /* UIImage+WebP.m */; };
		01D5398A1C32847300C2A163 /* UIImageView+HighlightedWebCache.m in Sources */ = {isa = PBXBuildFile; fileRef = 01D539781C32847300C2A163 /* UIImageView+HighlightedWebCache.m */; };
		01D5398B1C32847300C2A163 /* UIImageView+WebCache.m in Sources */ = {isa = PBXBuildFile; fileRef = 01D5397A1C32847300C2A163 /* UIImageView+WebCache.m */; };
		01D5398C1C32847300C2A163 /* UIView+WebCacheOperation.m in Sources */ = {isa = PBXBuildFile; fileRef = 01D5397C1C32847300C2A163 /* UIView+WebCacheOperation.m */; };
		870729E71B111A7100C6FBAF /* main.m in Sources */ = {isa = PBXBuildFile; fileRef = 870729E61B111A7100C6FBAF /* main.m */; };
		870729EA1B111A7100C6FBAF /* AppDelegate.m in Sources */ = {isa = PBXBuildFile; fileRef = 870729E91B111A7100C6FBAF /* AppDelegate.m */; };
		870729ED1B111A7100C6FBAF /* ViewController.m in Sources */ = {isa = PBXBuildFile; fileRef = 870729EC1B111A7100C6FBAF /* ViewController.m */; };
		870729F01B111A7100C6FBAF /* Main.storyboard in Resources */ = {isa = PBXBuildFile; fileRef = 870729EE1B111A7100C6FBAF /* Main.storyboard */; };
		870729F21B111A7100C6FBAF /* Images.xcassets in Resources */ = {isa = PBXBuildFile; fileRef = 870729F11B111A7100C6FBAF /* Images.xcassets */; };
		870729F51B111A7100C6FBAF /* LaunchScreen.xib in Resources */ = {isa = PBXBuildFile; fileRef = 870729F31B111A7100C6FBAF /* LaunchScreen.xib */; };
		87072A011B111A7100C6FBAF /* BuddysINTests.m in Sources */ = {isa = PBXBuildFile; fileRef = 87072A001B111A7100C6FBAF /* BuddysINTests.m */; };
		87072A0B1B111E6B00C6FBAF /* FacebookSDK.framework in Frameworks */ = {isa = PBXBuildFile; fileRef = 87072A0A1B111E6B00C6FBAF /* FacebookSDK.framework */; };
		879305D91C29CB2F0044AE26 /* AFHTTPRequestOperation.m in Sources */ = {isa = PBXBuildFile; fileRef = 879305C71C29CB2F0044AE26 /* AFHTTPRequestOperation.m */; };
		879305DA1C29CB2F0044AE26 /* AFHTTPRequestOperationManager.m in Sources */ = {isa = PBXBuildFile; fileRef = 879305C91C29CB2F0044AE26 /* AFHTTPRequestOperationManager.m */; };
		879305DB1C29CB2F0044AE26 /* AFHTTPSessionManager.m in Sources */ = {isa = PBXBuildFile; fileRef = 879305CB1C29CB2F0044AE26 /* AFHTTPSessionManager.m */; };
		879305DC1C29CB2F0044AE26 /* AFNetworkReachabilityManager.m in Sources */ = {isa = PBXBuildFile; fileRef = 879305CE1C29CB2F0044AE26 /* AFNetworkReachabilityManager.m */; };
		879305DD1C29CB2F0044AE26 /* AFSecurityPolicy.m in Sources */ = {isa = PBXBuildFile; fileRef = 879305D01C29CB2F0044AE26 /* AFSecurityPolicy.m */; };
		879305DE1C29CB2F0044AE26 /* AFURLConnectionOperation.m in Sources */ = {isa = PBXBuildFile; fileRef = 879305D21C29CB2F0044AE26 /* AFURLConnectionOperation.m */; };
		879305DF1C29CB2F0044AE26 /* AFURLRequestSerialization.m in Sources */ = {isa = PBXBuildFile; fileRef = 879305D41C29CB2F0044AE26 /* AFURLRequestSerialization.m */; };
		879305E01C29CB2F0044AE26 /* AFURLResponseSerialization.m in Sources */ = {isa = PBXBuildFile; fileRef = 879305D61C29CB2F0044AE26 /* AFURLResponseSerialization.m */; };
		879305E11C29CB2F0044AE26 /* AFURLSessionManager.m in Sources */ = {isa = PBXBuildFile; fileRef = 879305D81C29CB2F0044AE26 /* AFURLSessionManager.m */; };
		879305F41C29CB3D0044AE26 /* AFNetworkActivityIndicatorManager.m in Sources */ = {isa = PBXBuildFile; fileRef = 879305E41C29CB3D0044AE26 /* AFNetworkActivityIndicatorManager.m */; };
		879305F51C29CB3D0044AE26 /* UIActivityIndicatorView+AFNetworking.m in Sources */ = {isa = PBXBuildFile; fileRef = 879305E61C29CB3D0044AE26 /* UIActivityIndicatorView+AFNetworking.m */; };
		879305F61C29CB3D0044AE26 /* UIAlertView+AFNetworking.m in Sources */ = {isa = PBXBuildFile; fileRef = 879305E81C29CB3D0044AE26 /* UIAlertView+AFNetworking.m */; };
		879305F71C29CB3D0044AE26 /* UIButton+AFNetworking.m in Sources */ = {isa = PBXBuildFile; fileRef = 879305EA1C29CB3D0044AE26 /* UIButton+AFNetworking.m */; };
		879305F81C29CB3D0044AE26 /* UIImageView+AFNetworking.m in Sources */ = {isa = PBXBuildFile; fileRef = 879305EC1C29CB3D0044AE26 /* UIImageView+AFNetworking.m */; };
		879305F91C29CB3D0044AE26 /* UIProgressView+AFNetworking.m in Sources */ = {isa = PBXBuildFile; fileRef = 879305EF1C29CB3D0044AE26 /* UIProgressView+AFNetworking.m */; };
		879305FA1C29CB3D0044AE26 /* UIRefreshControl+AFNetworking.m in Sources */ = {isa = PBXBuildFile; fileRef = 879305F11C29CB3D0044AE26 /* UIRefreshControl+AFNetworking.m */; };
		879305FB1C29CB3D0044AE26 /* UIWebView+AFNetworking.m in Sources */ = {isa = PBXBuildFile; fileRef = 879305F31C29CB3D0044AE26 /* UIWebView+AFNetworking.m */; };
		87A6CEC21B20C9BE00422C4A /* iphone-buddysin-icon3.png in Resources */ = {isa = PBXBuildFile; fileRef = 87A6CEC11B20C9BE00422C4A /* iphone-buddysin-icon3.png */; };
		87A6CEC51B20CAB000422C4A /* HomeCell.m in Sources */ = {isa = PBXBuildFile; fileRef = 87A6CEC41B20CAB000422C4A /* HomeCell.m */; };
		87A6CEC81B20CD8700422C4A /* Share.m in Sources */ = {isa = PBXBuildFile; fileRef = 87A6CEC71B20CD8700422C4A /* Share.m */; };
		87A6CECB1B20CD9B00422C4A /* Member.m in Sources */ = {isa = PBXBuildFile; fileRef = 87A6CECA1B20CD9B00422C4A /* Member.m */; };
		87B41F991B1F84AC003ACCEE /* button_add&bg@2x.png in Resources */ = {isa = PBXBuildFile; fileRef = 87B41F931B1F84AC003ACCEE /* button_add&bg@2x.png */; };
		87B41F9A1B1F84AC003ACCEE /* button_plus@2x.png in Resources */ = {isa = PBXBuildFile; fileRef = 87B41F941B1F84AC003ACCEE /* button_plus@2x.png */; };
		87B41F9B1B1F84AC003ACCEE /* iphone-home-v1_1.png in Resources */ = {isa = PBXBuildFile; fileRef = 87B41F951B1F84AC003ACCEE /* iphone-home-v1_1.png */; };
		87B41F9C1B1F84AC003ACCEE /* message_bg@2x.png in Resources */ = {isa = PBXBuildFile; fileRef = 87B41F961B1F84AC003ACCEE /* message_bg@2x.png */; };
		87B41F9D1B1F84AC003ACCEE /* nav-bar@2x.png in Resources */ = {isa = PBXBuildFile; fileRef = 87B41F971B1F84AC003ACCEE /* nav-bar@2x.png */; };
		87B41F9E1B1F84AC003ACCEE /* redbg@2x.png in Resources */ = {isa = PBXBuildFile; fileRef = 87B41F981B1F84AC003ACCEE /* redbg@2x.png */; };
		87F04CD41B1374D900085DB4 /* buddysin-29@2x.png in Resources */ = {isa = PBXBuildFile; fileRef = 87F04CCA1B1374D900085DB4 /* buddysin-29@2x.png */; };
		87F04CD51B1374D900085DB4 /* buddysin-29@3x.png in Resources */ = {isa = PBXBuildFile; fileRef = 87F04CCB1B1374D900085DB4 /* buddysin-29@3x.png */; };
		87F04CD61B1374D900085DB4 /* buddysin-40@2x.png in Resources */ = {isa = PBXBuildFile; fileRef = 87F04CCC1B1374D900085DB4 /* buddysin-40@2x.png */; };
		87F04CD71B1374D900085DB4 /* buddysin-40@3x.png in Resources */ = {isa = PBXBuildFile; fileRef = 87F04CCD1B1374D900085DB4 /* buddysin-40@3x.png */; };
		87F04CD81B1374D900085DB4 /* buddysin-60@2x.png in Resources */ = {isa = PBXBuildFile; fileRef = 87F04CCE1B1374D900085DB4 /* buddysin-60@2x.png */; };
		87F04CD91B1374D900085DB4 /* buddysin-60@3x.png in Resources */ = {isa = PBXBuildFile; fileRef = 87F04CCF1B1374D900085DB4 /* buddysin-60@3x.png */; };
		87F04CDA1B1374D900085DB4 /* login_bg@2x.png in Resources */ = {isa = PBXBuildFile; fileRef = 87F04CD11B1374D900085DB4 /* login_bg@2x.png */; };
		87F04CDB1B1374D900085DB4 /* logo@2x.png in Resources */ = {isa = PBXBuildFile; fileRef = 87F04CD21B1374D900085DB4 /* logo@2x.png */; };
		87F04CDC1B1374D900085DB4 /* register-bg@2x.png in Resources */ = {isa = PBXBuildFile; fileRef = 87F04CD31B1374D900085DB4 /* register-bg@2x.png */; };
		87F04CE01B1383A700085DB4 /* HomeViewController.m in Sources */ = {isa = PBXBuildFile; fileRef = 87F04CDF1B1383A700085DB4 /* HomeViewController.m */; };
		87F04CE41B13851D00085DB4 /* Constant.m in Sources */ = {isa = PBXBuildFile; fileRef = 87F04CE31B13851D00085DB4 /* Constant.m */; };
		87F04CE71B13962500085DB4 /* TermsViewController.m in Sources */ = {isa = PBXBuildFile; fileRef = 87F04CE61B13962500085DB4 /* TermsViewController.m */; };
		87F04CEA1B139FF800085DB4 /* BuddysINUtil.m in Sources */ = {isa = PBXBuildFile; fileRef = 87F04CE91B139FF800085DB4 /* BuddysINUtil.m */; };
		8B0792FF1B142B8D002CF70F /* ConnectionHandler.m in Sources */ = {isa = PBXBuildFile; fileRef = 8B0792FE1B142B8D002CF70F /* ConnectionHandler.m */; };
		8B07931A1B148991002CF70F /* button_add&bg@2x.png in Resources */ = {isa = PBXBuildFile; fileRef = 8B07930F1B148991002CF70F /* button_add&bg@2x.png */; };
		8B07931B1B148991002CF70F /* button_plus@2x.png in Resources */ = {isa = PBXBuildFile; fileRef = 8B0793101B148991002CF70F /* button_plus@2x.png */; };
		8B07931C1B148991002CF70F /* iphone-home-v1_1.png in Resources */ = {isa = PBXBuildFile; fileRef = 8B0793111B148991002CF70F /* iphone-home-v1_1.png */; };
		8B07931D1B148991002CF70F /* iphone-login-changes&font-size.png in Resources */ = {isa = PBXBuildFile; fileRef = 8B0793121B148991002CF70F /* iphone-login-changes&font-size.png */; };
		8B07931E1B148991002CF70F /* message_bg@2x.png in Resources */ = {isa = PBXBuildFile; fileRef = 8B0793131B148991002CF70F /* message_bg@2x.png */; };
		8B07931F1B148991002CF70F /* nav-bar@2x.png in Resources */ = {isa = PBXBuildFile; fileRef = 8B0793141B148991002CF70F /* nav-bar@2x.png */; };
		8B0793201B148991002CF70F /* red-button-login@2x.png in Resources */ = {isa = PBXBuildFile; fileRef = 8B0793151B148991002CF70F /* red-button-login@2x.png */; };
		8B0793211B148991002CF70F /* redbg@2x.png in Resources */ = {isa = PBXBuildFile; fileRef = 8B0793161B148991002CF70F /* redbg@2x.png */; };
		8B0793221B148991002CF70F /* Default-568h@2x.png in Resources */ = {isa = PBXBuildFile; fileRef = 8B0793181B148991002CF70F /* Default-568h@2x.png */; };
		8B0793231B148991002CF70F /* Default@2x.png in Resources */ = {isa = PBXBuildFile; fileRef = 8B0793191B148991002CF70F /* Default@2x.png */; };
		8B07932A1B148D67002CF70F /* facebook-login-bg@2x.png in Resources */ = {isa = PBXBuildFile; fileRef = 8B0793281B148D67002CF70F /* facebook-login-bg@2x.png */; };
		8B07932B1B148D67002CF70F /* facebook-login-effectbg@2x.png in Resources */ = {isa = PBXBuildFile; fileRef = 8B0793291B148D67002CF70F /* facebook-login-effectbg@2x.png */; };
		8B8BA0AB1B2801C3004727DD /* buddysIN.sqlite in Resources */ = {isa = PBXBuildFile; fileRef = 8B8BA0A91B2801C3004727DD /* buddysIN.sqlite */; };
		8B8BA0AC1B2801C3004727DD /* DatabaseMethods.m in Sources */ = {isa = PBXBuildFile; fileRef = 8B8BA0AA1B2801C3004727DD /* DatabaseMethods.m */; };
		8B8BA0AF1B280245004727DD /* libsqlite3.0.dylib in Frameworks */ = {isa = PBXBuildFile; fileRef = 8B8BA0AD1B280245004727DD /* libsqlite3.0.dylib */; };
		8B8BA0B01B280245004727DD /* libsqlite3.dylib in Frameworks */ = {isa = PBXBuildFile; fileRef = 8B8BA0AE1B280245004727DD /* libsqlite3.dylib */; };
		8BF2A21D1B25A15100A61B54 /* UIScrollView+SVInfiniteScrolling.m in Sources */ = {isa = PBXBuildFile; fileRef = 8BF2A21A1B25A15100A61B54 /* UIScrollView+SVInfiniteScrolling.m */; };
		8BF2A21E1B25A15100A61B54 /* UIScrollView+SVPullToRefresh.m in Sources */ = {isa = PBXBuildFile; fileRef = 8BF2A21C1B25A15100A61B54 /* UIScrollView+SVPullToRefresh.m */; };
		8BFFAA2B1B217F9500D13C27 /* CoreLocation.framework in Frameworks */ = {isa = PBXBuildFile; fileRef = 8BFFAA2A1B217F9500D13C27 /* CoreLocation.framework */; };
		8BFFAA671B218A7E00D13C27 /* Reachability.m in Sources */ = {isa = PBXBuildFile; fileRef = 8BFFAA471B218A7E00D13C27 /* Reachability.m */; };
		8BFFAA681B218A7E00D13C27 /* NSObject+SBJSON.m in Sources */ = {isa = PBXBuildFile; fileRef = 8BFFAA4B1B218A7E00D13C27 /* NSObject+SBJSON.m */; };
		8BFFAA691B218A7E00D13C27 /* NSString+SBJSON.m in Sources */ = {isa = PBXBuildFile; fileRef = 8BFFAA4D1B218A7E00D13C27 /* NSString+SBJSON.m */; };
		8BFFAA6A1B218A7E00D13C27 /* SBJSON.m in Sources */ = {isa = PBXBuildFile; fileRef = 8BFFAA4F1B218A7E00D13C27 /* SBJSON.m */; settings = {COMPILER_FLAGS = "-fno-objc-arc"; }; };
		8BFFAA6B1B218A7E00D13C27 /* SBJsonBase.m in Sources */ = {isa = PBXBuildFile; fileRef = 8BFFAA511B218A7E00D13C27 /* SBJsonBase.m */; };
		8BFFAA6C1B218A7E00D13C27 /* SBJsonParser.m in Sources */ = {isa = PBXBuildFile; fileRef = 8BFFAA531B218A7E00D13C27 /* SBJsonParser.m */; };
		8BFFAA6D1B218A7E00D13C27 /* SBJsonWriter.m in Sources */ = {isa = PBXBuildFile; fileRef = 8BFFAA551B218A7E00D13C27 /* SBJsonWriter.m */; };
		8BFFAA6E1B218A7E00D13C27 /* FXBlurView.m in Sources */ = {isa = PBXBuildFile; fileRef = 8BFFAA581B218A7E00D13C27 /* FXBlurView.m */; };
		8BFFAA6F1B218A7E00D13C27 /* UCZProgressView.m in Sources */ = {isa = PBXBuildFile; fileRef = 8BFFAA5B1B218A7E00D13C27 /* UCZProgressView.m */; };
/* End PBXBuildFile section */

/* Begin PBXContainerItemProxy section */
		870729FB1B111A7100C6FBAF /* PBXContainerItemProxy */ = {
			isa = PBXContainerItemProxy;
			containerPortal = 870729D91B111A7100C6FBAF /* Project object */;
			proxyType = 1;
			remoteGlobalIDString = 870729E01B111A7100C6FBAF;
			remoteInfo = BuddysIN;
		};
/* End PBXContainerItemProxy section */

/* Begin PBXFileReference section */
		01D5395C1C32847300C2A163 /* MKAnnotationView+WebCache.h */ = {isa = PBXFileReference; fileEncoding = 4; lastKnownFileType = sourcecode.c.h; path = "MKAnnotationView+WebCache.h"; sourceTree = "<group>"; };
		01D5395D1C32847300C2A163 /* MKAnnotationView+WebCache.m */ = {isa = PBXFileReference; fileEncoding = 4; lastKnownFileType = sourcecode.c.objc; path = "MKAnnotationView+WebCache.m"; sourceTree = "<group>"; };
		01D5395E1C32847300C2A163 /* NSData+ImageContentType.h */ = {isa = PBXFileReference; fileEncoding = 4; lastKnownFileType = sourcecode.c.h; path = "NSData+ImageContentType.h"; sourceTree = "<group>"; };
		01D5395F1C32847300C2A163 /* NSData+ImageContentType.m */ = {isa = PBXFileReference; fileEncoding = 4; lastKnownFileType = sourcecode.c.objc; path = "NSData+ImageContentType.m"; sourceTree = "<group>"; };
		01D539601C32847300C2A163 /* SDImageCache.h */ = {isa = PBXFileReference; fileEncoding = 4; lastKnownFileType = sourcecode.c.h; path = SDImageCache.h; sourceTree = "<group>"; };
		01D539611C32847300C2A163 /* SDImageCache.m */ = {isa = PBXFileReference; fileEncoding = 4; lastKnownFileType = sourcecode.c.objc; path = SDImageCache.m; sourceTree = "<group>"; };
		01D539621C32847300C2A163 /* SDWebImageCompat.h */ = {isa = PBXFileReference; fileEncoding = 4; lastKnownFileType = sourcecode.c.h; path = SDWebImageCompat.h; sourceTree = "<group>"; };
		01D539631C32847300C2A163 /* SDWebImageCompat.m */ = {isa = PBXFileReference; fileEncoding = 4; lastKnownFileType = sourcecode.c.objc; path = SDWebImageCompat.m; sourceTree = "<group>"; };
		01D539641C32847300C2A163 /* SDWebImageDecoder.h */ = {isa = PBXFileReference; fileEncoding = 4; lastKnownFileType = sourcecode.c.h; path = SDWebImageDecoder.h; sourceTree = "<group>"; };
		01D539651C32847300C2A163 /* SDWebImageDecoder.m */ = {isa = PBXFileReference; fileEncoding = 4; lastKnownFileType = sourcecode.c.objc; path = SDWebImageDecoder.m; sourceTree = "<group>"; };
		01D539661C32847300C2A163 /* SDWebImageDownloader.h */ = {isa = PBXFileReference; fileEncoding = 4; lastKnownFileType = sourcecode.c.h; path = SDWebImageDownloader.h; sourceTree = "<group>"; };
		01D539671C32847300C2A163 /* SDWebImageDownloader.m */ = {isa = PBXFileReference; fileEncoding = 4; lastKnownFileType = sourcecode.c.objc; path = SDWebImageDownloader.m; sourceTree = "<group>"; };
		01D539681C32847300C2A163 /* SDWebImageDownloaderOperation.h */ = {isa = PBXFileReference; fileEncoding = 4; lastKnownFileType = sourcecode.c.h; path = SDWebImageDownloaderOperation.h; sourceTree = "<group>"; };
		01D539691C32847300C2A163 /* SDWebImageDownloaderOperation.m */ = {isa = PBXFileReference; fileEncoding = 4; lastKnownFileType = sourcecode.c.objc; path = SDWebImageDownloaderOperation.m; sourceTree = "<group>"; };
		01D5396A1C32847300C2A163 /* SDWebImageManager.h */ = {isa = PBXFileReference; fileEncoding = 4; lastKnownFileType = sourcecode.c.h; path = SDWebImageManager.h; sourceTree = "<group>"; };
		01D5396B1C32847300C2A163 /* SDWebImageManager.m */ = {isa = PBXFileReference; fileEncoding = 4; lastKnownFileType = sourcecode.c.objc; path = SDWebImageManager.m; sourceTree = "<group>"; };
		01D5396C1C32847300C2A163 /* SDWebImageOperation.h */ = {isa = PBXFileReference; fileEncoding = 4; lastKnownFileType = sourcecode.c.h; path = SDWebImageOperation.h; sourceTree = "<group>"; };
		01D5396D1C32847300C2A163 /* SDWebImagePrefetcher.h */ = {isa = PBXFileReference; fileEncoding = 4; lastKnownFileType = sourcecode.c.h; path = SDWebImagePrefetcher.h; sourceTree = "<group>"; };
		01D5396E1C32847300C2A163 /* SDWebImagePrefetcher.m */ = {isa = PBXFileReference; fileEncoding = 4; lastKnownFileType = sourcecode.c.objc; path = SDWebImagePrefetcher.m; sourceTree = "<group>"; };
		01D5396F1C32847300C2A163 /* UIButton+WebCache.h */ = {isa = PBXFileReference; fileEncoding = 4; lastKnownFileType = sourcecode.c.h; path = "UIButton+WebCache.h"; sourceTree = "<group>"; };
		01D539701C32847300C2A163 /* UIButton+WebCache.m */ = {isa = PBXFileReference; fileEncoding = 4; lastKnownFileType = sourcecode.c.objc; path = "UIButton+WebCache.m"; sourceTree = "<group>"; };
		01D539711C32847300C2A163 /* UIImage+GIF.h */ = {isa = PBXFileReference; fileEncoding = 4; lastKnownFileType = sourcecode.c.h; path = "UIImage+GIF.h"; sourceTree = "<group>"; };
		01D539721C32847300C2A163 /* UIImage+GIF.m */ = {isa = PBXFileReference; fileEncoding = 4; lastKnownFileType = sourcecode.c.objc; path = "UIImage+GIF.m"; sourceTree = "<group>"; };
		01D539731C32847300C2A163 /* UIImage+MultiFormat.h */ = {isa = PBXFileReference; fileEncoding = 4; lastKnownFileType = sourcecode.c.h; path = "UIImage+MultiFormat.h"; sourceTree = "<group>"; };
		01D539741C32847300C2A163 /* UIImage+MultiFormat.m */ = {isa = PBXFileReference; fileEncoding = 4; lastKnownFileType = sourcecode.c.objc; path = "UIImage+MultiFormat.m"; sourceTree = "<group>"; };
		01D539751C32847300C2A163 /* UIImage+WebP.h */ = {isa = PBXFileReference; fileEncoding = 4; lastKnownFileType = sourcecode.c.h; path = "UIImage+WebP.h"; sourceTree = "<group>"; };
		01D539761C32847300C2A163 /* UIImage+WebP.m */ = {isa = PBXFileReference; fileEncoding = 4; lastKnownFileType = sourcecode.c.objc; path = "UIImage+WebP.m"; sourceTree = "<group>"; };
		01D539771C32847300C2A163 /* UIImageView+HighlightedWebCache.h */ = {isa = PBXFileReference; fileEncoding = 4; lastKnownFileType = sourcecode.c.h; path = "UIImageView+HighlightedWebCache.h"; sourceTree = "<group>"; };
		01D539781C32847300C2A163 /* UIImageView+HighlightedWebCache.m */ = {isa = PBXFileReference; fileEncoding = 4; lastKnownFileType = sourcecode.c.objc; path = "UIImageView+HighlightedWebCache.m"; sourceTree = "<group>"; };
		01D539791C32847300C2A163 /* UIImageView+WebCache.h */ = {isa = PBXFileReference; fileEncoding = 4; lastKnownFileType = sourcecode.c.h; path = "UIImageView+WebCache.h"; sourceTree = "<group>"; };
		01D5397A1C32847300C2A163 /* UIImageView+WebCache.m */ = {isa = PBXFileReference; fileEncoding = 4; lastKnownFileType = sourcecode.c.objc; path = "UIImageView+WebCache.m"; sourceTree = "<group>"; };
		01D5397B1C32847300C2A163 /* UIView+WebCacheOperation.h */ = {isa = PBXFileReference; fileEncoding = 4; lastKnownFileType = sourcecode.c.h; path = "UIView+WebCacheOperation.h"; sourceTree = "<group>"; };
		01D5397C1C32847300C2A163 /* UIView+WebCacheOperation.m */ = {isa = PBXFileReference; fileEncoding = 4; lastKnownFileType = sourcecode.c.objc; path = "UIView+WebCacheOperation.m"; sourceTree = "<group>"; };
		870729E11B111A7100C6FBAF /* BuddysIN.app */ = {isa = PBXFileReference; explicitFileType = wrapper.application; includeInIndex = 0; path = BuddysIN.app; sourceTree = BUILT_PRODUCTS_DIR; };
		870729E51B111A7100C6FBAF /* Info.plist */ = {isa = PBXFileReference; lastKnownFileType = text.plist.xml; path = Info.plist; sourceTree = "<group>"; };
		870729E61B111A7100C6FBAF /* main.m */ = {isa = PBXFileReference; lastKnownFileType = sourcecode.c.objc; path = main.m; sourceTree = "<group>"; };
		870729E81B111A7100C6FBAF /* AppDelegate.h */ = {isa = PBXFileReference; lastKnownFileType = sourcecode.c.h; path = AppDelegate.h; sourceTree = "<group>"; };
		870729E91B111A7100C6FBAF /* AppDelegate.m */ = {isa = PBXFileReference; lastKnownFileType = sourcecode.c.objc; path = AppDelegate.m; sourceTree = "<group>"; };
		870729EB1B111A7100C6FBAF /* ViewController.h */ = {isa = PBXFileReference; lastKnownFileType = sourcecode.c.h; path = ViewController.h; sourceTree = "<group>"; };
		870729EC1B111A7100C6FBAF /* ViewController.m */ = {isa = PBXFileReference; lastKnownFileType = sourcecode.c.objc; path = ViewController.m; sourceTree = "<group>"; };
		870729EF1B111A7100C6FBAF /* Base */ = {isa = PBXFileReference; lastKnownFileType = file.storyboard; name = Base; path = Base.lproj/Main.storyboard; sourceTree = "<group>"; };
		870729F11B111A7100C6FBAF /* Images.xcassets */ = {isa = PBXFileReference; lastKnownFileType = folder.assetcatalog; path = Images.xcassets; sourceTree = "<group>"; };
		870729F41B111A7100C6FBAF /* Base */ = {isa = PBXFileReference; lastKnownFileType = file.xib; name = Base; path = Base.lproj/LaunchScreen.xib; sourceTree = "<group>"; };
		870729FA1B111A7100C6FBAF /* BuddysINTests.xctest */ = {isa = PBXFileReference; explicitFileType = wrapper.cfbundle; includeInIndex = 0; path = BuddysINTests.xctest; sourceTree = BUILT_PRODUCTS_DIR; };
		870729FF1B111A7100C6FBAF /* Info.plist */ = {isa = PBXFileReference; lastKnownFileType = text.plist.xml; path = Info.plist; sourceTree = "<group>"; };
		87072A001B111A7100C6FBAF /* BuddysINTests.m */ = {isa = PBXFileReference; lastKnownFileType = sourcecode.c.objc; path = BuddysINTests.m; sourceTree = "<group>"; };
		87072A0A1B111E6B00C6FBAF /* FacebookSDK.framework */ = {isa = PBXFileReference; lastKnownFileType = wrapper.framework; path = FacebookSDK.framework; sourceTree = "<group>"; };
		879305C61C29CB2F0044AE26 /* AFHTTPRequestOperation.h */ = {isa = PBXFileReference; fileEncoding = 4; lastKnownFileType = sourcecode.c.h; path = AFHTTPRequestOperation.h; sourceTree = "<group>"; };
		879305C71C29CB2F0044AE26 /* AFHTTPRequestOperation.m */ = {isa = PBXFileReference; fileEncoding = 4; lastKnownFileType = sourcecode.c.objc; path = AFHTTPRequestOperation.m; sourceTree = "<group>"; };
		879305C81C29CB2F0044AE26 /* AFHTTPRequestOperationManager.h */ = {isa = PBXFileReference; fileEncoding = 4; lastKnownFileType = sourcecode.c.h; path = AFHTTPRequestOperationManager.h; sourceTree = "<group>"; };
		879305C91C29CB2F0044AE26 /* AFHTTPRequestOperationManager.m */ = {isa = PBXFileReference; fileEncoding = 4; lastKnownFileType = sourcecode.c.objc; path = AFHTTPRequestOperationManager.m; sourceTree = "<group>"; };
		879305CA1C29CB2F0044AE26 /* AFHTTPSessionManager.h */ = {isa = PBXFileReference; fileEncoding = 4; lastKnownFileType = sourcecode.c.h; path = AFHTTPSessionManager.h; sourceTree = "<group>"; };
		879305CB1C29CB2F0044AE26 /* AFHTTPSessionManager.m */ = {isa = PBXFileReference; fileEncoding = 4; lastKnownFileType = sourcecode.c.objc; path = AFHTTPSessionManager.m; sourceTree = "<group>"; };
		879305CC1C29CB2F0044AE26 /* AFNetworking.h */ = {isa = PBXFileReference; fileEncoding = 4; lastKnownFileType = sourcecode.c.h; path = AFNetworking.h; sourceTree = "<group>"; };
		879305CD1C29CB2F0044AE26 /* AFNetworkReachabilityManager.h */ = {isa = PBXFileReference; fileEncoding = 4; lastKnownFileType = sourcecode.c.h; path = AFNetworkReachabilityManager.h; sourceTree = "<group>"; };
		879305CE1C29CB2F0044AE26 /* AFNetworkReachabilityManager.m */ = {isa = PBXFileReference; fileEncoding = 4; lastKnownFileType = sourcecode.c.objc; path = AFNetworkReachabilityManager.m; sourceTree = "<group>"; };
		879305CF1C29CB2F0044AE26 /* AFSecurityPolicy.h */ = {isa = PBXFileReference; fileEncoding = 4; lastKnownFileType = sourcecode.c.h; path = AFSecurityPolicy.h; sourceTree = "<group>"; };
		879305D01C29CB2F0044AE26 /* AFSecurityPolicy.m */ = {isa = PBXFileReference; fileEncoding = 4; lastKnownFileType = sourcecode.c.objc; path = AFSecurityPolicy.m; sourceTree = "<group>"; };
		879305D11C29CB2F0044AE26 /* AFURLConnectionOperation.h */ = {isa = PBXFileReference; fileEncoding = 4; lastKnownFileType = sourcecode.c.h; path = AFURLConnectionOperation.h; sourceTree = "<group>"; };
		879305D21C29CB2F0044AE26 /* AFURLConnectionOperation.m */ = {isa = PBXFileReference; fileEncoding = 4; lastKnownFileType = sourcecode.c.objc; path = AFURLConnectionOperation.m; sourceTree = "<group>"; };
		879305D31C29CB2F0044AE26 /* AFURLRequestSerialization.h */ = {isa = PBXFileReference; fileEncoding = 4; lastKnownFileType = sourcecode.c.h; path = AFURLRequestSerialization.h; sourceTree = "<group>"; };
		879305D41C29CB2F0044AE26 /* AFURLRequestSerialization.m */ = {isa = PBXFileReference; fileEncoding = 4; lastKnownFileType = sourcecode.c.objc; path = AFURLRequestSerialization.m; sourceTree = "<group>"; };
		879305D51C29CB2F0044AE26 /* AFURLResponseSerialization.h */ = {isa = PBXFileReference; fileEncoding = 4; lastKnownFileType = sourcecode.c.h; path = AFURLResponseSerialization.h; sourceTree = "<group>"; };
		879305D61C29CB2F0044AE26 /* AFURLResponseSerialization.m */ = {isa = PBXFileReference; fileEncoding = 4; lastKnownFileType = sourcecode.c.objc; path = AFURLResponseSerialization.m; sourceTree = "<group>"; };
		879305D71C29CB2F0044AE26 /* AFURLSessionManager.h */ = {isa = PBXFileReference; fileEncoding = 4; lastKnownFileType = sourcecode.c.h; path = AFURLSessionManager.h; sourceTree = "<group>"; };
		879305D81C29CB2F0044AE26 /* AFURLSessionManager.m */ = {isa = PBXFileReference; fileEncoding = 4; lastKnownFileType = sourcecode.c.objc; path = AFURLSessionManager.m; sourceTree = "<group>"; };
		879305E31C29CB3D0044AE26 /* AFNetworkActivityIndicatorManager.h */ = {isa = PBXFileReference; fileEncoding = 4; lastKnownFileType = sourcecode.c.h; path = AFNetworkActivityIndicatorManager.h; sourceTree = "<group>"; };
		879305E41C29CB3D0044AE26 /* AFNetworkActivityIndicatorManager.m */ = {isa = PBXFileReference; fileEncoding = 4; lastKnownFileType = sourcecode.c.objc; path = AFNetworkActivityIndicatorManager.m; sourceTree = "<group>"; };
		879305E51C29CB3D0044AE26 /* UIActivityIndicatorView+AFNetworking.h */ = {isa = PBXFileReference; fileEncoding = 4; lastKnownFileType = sourcecode.c.h; path = "UIActivityIndicatorView+AFNetworking.h"; sourceTree = "<group>"; };
		879305E61C29CB3D0044AE26 /* UIActivityIndicatorView+AFNetworking.m */ = {isa = PBXFileReference; fileEncoding = 4; lastKnownFileType = sourcecode.c.objc; path = "UIActivityIndicatorView+AFNetworking.m"; sourceTree = "<group>"; };
		879305E71C29CB3D0044AE26 /* UIAlertView+AFNetworking.h */ = {isa = PBXFileReference; fileEncoding = 4; lastKnownFileType = sourcecode.c.h; path = "UIAlertView+AFNetworking.h"; sourceTree = "<group>"; };
		879305E81C29CB3D0044AE26 /* UIAlertView+AFNetworking.m */ = {isa = PBXFileReference; fileEncoding = 4; lastKnownFileType = sourcecode.c.objc; path = "UIAlertView+AFNetworking.m"; sourceTree = "<group>"; };
		879305E91C29CB3D0044AE26 /* UIButton+AFNetworking.h */ = {isa = PBXFileReference; fileEncoding = 4; lastKnownFileType = sourcecode.c.h; path = "UIButton+AFNetworking.h"; sourceTree = "<group>"; };
		879305EA1C29CB3D0044AE26 /* UIButton+AFNetworking.m */ = {isa = PBXFileReference; fileEncoding = 4; lastKnownFileType = sourcecode.c.objc; path = "UIButton+AFNetworking.m"; sourceTree = "<group>"; };
		879305EB1C29CB3D0044AE26 /* UIImageView+AFNetworking.h */ = {isa = PBXFileReference; fileEncoding = 4; lastKnownFileType = sourcecode.c.h; path = "UIImageView+AFNetworking.h"; sourceTree = "<group>"; };
		879305EC1C29CB3D0044AE26 /* UIImageView+AFNetworking.m */ = {isa = PBXFileReference; fileEncoding = 4; lastKnownFileType = sourcecode.c.objc; path = "UIImageView+AFNetworking.m"; sourceTree = "<group>"; };
		879305ED1C29CB3D0044AE26 /* UIKit+AFNetworking.h */ = {isa = PBXFileReference; fileEncoding = 4; lastKnownFileType = sourcecode.c.h; path = "UIKit+AFNetworking.h"; sourceTree = "<group>"; };
		879305EE1C29CB3D0044AE26 /* UIProgressView+AFNetworking.h */ = {isa = PBXFileReference; fileEncoding = 4; lastKnownFileType = sourcecode.c.h; path = "UIProgressView+AFNetworking.h"; sourceTree = "<group>"; };
		879305EF1C29CB3D0044AE26 /* UIProgressView+AFNetworking.m */ = {isa = PBXFileReference; fileEncoding = 4; lastKnownFileType = sourcecode.c.objc; path = "UIProgressView+AFNetworking.m"; sourceTree = "<group>"; };
		879305F01C29CB3D0044AE26 /* UIRefreshControl+AFNetworking.h */ = {isa = PBXFileReference; fileEncoding = 4; lastKnownFileType = sourcecode.c.h; path = "UIRefreshControl+AFNetworking.h"; sourceTree = "<group>"; };
		879305F11C29CB3D0044AE26 /* UIRefreshControl+AFNetworking.m */ = {isa = PBXFileReference; fileEncoding = 4; lastKnownFileType = sourcecode.c.objc; path = "UIRefreshControl+AFNetworking.m"; sourceTree = "<group>"; };
		879305F21C29CB3D0044AE26 /* UIWebView+AFNetworking.h */ = {isa = PBXFileReference; fileEncoding = 4; lastKnownFileType = sourcecode.c.h; path = "UIWebView+AFNetworking.h"; sourceTree = "<group>"; };
		879305F31C29CB3D0044AE26 /* UIWebView+AFNetworking.m */ = {isa = PBXFileReference; fileEncoding = 4; lastKnownFileType = sourcecode.c.objc; path = "UIWebView+AFNetworking.m"; sourceTree = "<group>"; };
		87A6CEC11B20C9BE00422C4A /* iphone-buddysin-icon3.png */ = {isa = PBXFileReference; lastKnownFileType = image.png; path = "iphone-buddysin-icon3.png"; sourceTree = "<group>"; };
		87A6CEC31B20CAB000422C4A /* HomeCell.h */ = {isa = PBXFileReference; fileEncoding = 4; lastKnownFileType = sourcecode.c.h; path = HomeCell.h; sourceTree = "<group>"; };
		87A6CEC41B20CAB000422C4A /* HomeCell.m */ = {isa = PBXFileReference; fileEncoding = 4; lastKnownFileType = sourcecode.c.objc; path = HomeCell.m; sourceTree = "<group>"; };
		87A6CEC61B20CD8700422C4A /* Share.h */ = {isa = PBXFileReference; fileEncoding = 4; lastKnownFileType = sourcecode.c.h; path = Share.h; sourceTree = "<group>"; };
		87A6CEC71B20CD8700422C4A /* Share.m */ = {isa = PBXFileReference; fileEncoding = 4; lastKnownFileType = sourcecode.c.objc; path = Share.m; sourceTree = "<group>"; };
		87A6CEC91B20CD9B00422C4A /* Member.h */ = {isa = PBXFileReference; fileEncoding = 4; lastKnownFileType = sourcecode.c.h; path = Member.h; sourceTree = "<group>"; };
		87A6CECA1B20CD9B00422C4A /* Member.m */ = {isa = PBXFileReference; fileEncoding = 4; lastKnownFileType = sourcecode.c.objc; path = Member.m; sourceTree = "<group>"; };
		87B41F931B1F84AC003ACCEE /* button_add&bg@2x.png */ = {isa = PBXFileReference; lastKnownFileType = image.png; path = "button_add&bg@2x.png"; sourceTree = "<group>"; };
		87B41F941B1F84AC003ACCEE /* button_plus@2x.png */ = {isa = PBXFileReference; lastKnownFileType = image.png; path = "button_plus@2x.png"; sourceTree = "<group>"; };
		87B41F951B1F84AC003ACCEE /* iphone-home-v1_1.png */ = {isa = PBXFileReference; lastKnownFileType = image.png; path = "iphone-home-v1_1.png"; sourceTree = "<group>"; };
		87B41F961B1F84AC003ACCEE /* message_bg@2x.png */ = {isa = PBXFileReference; lastKnownFileType = image.png; path = "message_bg@2x.png"; sourceTree = "<group>"; };
		87B41F971B1F84AC003ACCEE /* nav-bar@2x.png */ = {isa = PBXFileReference; lastKnownFileType = image.png; path = "nav-bar@2x.png"; sourceTree = "<group>"; };
		87B41F981B1F84AC003ACCEE /* redbg@2x.png */ = {isa = PBXFileReference; lastKnownFileType = image.png; path = "redbg@2x.png"; sourceTree = "<group>"; };
		87F04CCA1B1374D900085DB4 /* buddysin-29@2x.png */ = {isa = PBXFileReference; lastKnownFileType = image.png; path = "buddysin-29@2x.png"; sourceTree = "<group>"; };
		87F04CCB1B1374D900085DB4 /* buddysin-29@3x.png */ = {isa = PBXFileReference; lastKnownFileType = image.png; path = "buddysin-29@3x.png"; sourceTree = "<group>"; };
		87F04CCC1B1374D900085DB4 /* buddysin-40@2x.png */ = {isa = PBXFileReference; lastKnownFileType = image.png; path = "buddysin-40@2x.png"; sourceTree = "<group>"; };
		87F04CCD1B1374D900085DB4 /* buddysin-40@3x.png */ = {isa = PBXFileReference; lastKnownFileType = image.png; path = "buddysin-40@3x.png"; sourceTree = "<group>"; };
		87F04CCE1B1374D900085DB4 /* buddysin-60@2x.png */ = {isa = PBXFileReference; lastKnownFileType = image.png; path = "buddysin-60@2x.png"; sourceTree = "<group>"; };
		87F04CCF1B1374D900085DB4 /* buddysin-60@3x.png */ = {isa = PBXFileReference; lastKnownFileType = image.png; path = "buddysin-60@3x.png"; sourceTree = "<group>"; };
		87F04CD11B1374D900085DB4 /* login_bg@2x.png */ = {isa = PBXFileReference; lastKnownFileType = image.png; path = "login_bg@2x.png"; sourceTree = "<group>"; };
		87F04CD21B1374D900085DB4 /* logo@2x.png */ = {isa = PBXFileReference; lastKnownFileType = image.png; path = "logo@2x.png"; sourceTree = "<group>"; };
		87F04CD31B1374D900085DB4 /* register-bg@2x.png */ = {isa = PBXFileReference; lastKnownFileType = image.png; path = "register-bg@2x.png"; sourceTree = "<group>"; };
		87F04CDE1B1383A700085DB4 /* HomeViewController.h */ = {isa = PBXFileReference; fileEncoding = 4; lastKnownFileType = sourcecode.c.h; path = HomeViewController.h; sourceTree = "<group>"; };
		87F04CDF1B1383A700085DB4 /* HomeViewController.m */ = {isa = PBXFileReference; fileEncoding = 4; lastKnownFileType = sourcecode.c.objc; path = HomeViewController.m; sourceTree = "<group>"; };
		87F04CE21B13851D00085DB4 /* Constant.h */ = {isa = PBXFileReference; fileEncoding = 4; lastKnownFileType = sourcecode.c.h; path = Constant.h; sourceTree = "<group>"; };
		87F04CE31B13851D00085DB4 /* Constant.m */ = {isa = PBXFileReference; fileEncoding = 4; lastKnownFileType = sourcecode.c.objc; path = Constant.m; sourceTree = "<group>"; };
		87F04CE51B13962500085DB4 /* TermsViewController.h */ = {isa = PBXFileReference; fileEncoding = 4; lastKnownFileType = sourcecode.c.h; path = TermsViewController.h; sourceTree = "<group>"; };
		87F04CE61B13962500085DB4 /* TermsViewController.m */ = {isa = PBXFileReference; fileEncoding = 4; lastKnownFileType = sourcecode.c.objc; path = TermsViewController.m; sourceTree = "<group>"; };
		87F04CE81B139FF800085DB4 /* BuddysINUtil.h */ = {isa = PBXFileReference; fileEncoding = 4; lastKnownFileType = sourcecode.c.h; path = BuddysINUtil.h; sourceTree = "<group>"; };
		87F04CE91B139FF800085DB4 /* BuddysINUtil.m */ = {isa = PBXFileReference; fileEncoding = 4; lastKnownFileType = sourcecode.c.objc; path = BuddysINUtil.m; sourceTree = "<group>"; };
		8B0792FD1B142B8D002CF70F /* ConnectionHandler.h */ = {isa = PBXFileReference; fileEncoding = 4; lastKnownFileType = sourcecode.c.h; path = ConnectionHandler.h; sourceTree = "<group>"; };
		8B0792FE1B142B8D002CF70F /* ConnectionHandler.m */ = {isa = PBXFileReference; fileEncoding = 4; lastKnownFileType = sourcecode.c.objc; path = ConnectionHandler.m; sourceTree = "<group>"; };
		8B07930F1B148991002CF70F /* button_add&bg@2x.png */ = {isa = PBXFileReference; lastKnownFileType = image.png; path = "button_add&bg@2x.png"; sourceTree = "<group>"; };
		8B0793101B148991002CF70F /* button_plus@2x.png */ = {isa = PBXFileReference; lastKnownFileType = image.png; path = "button_plus@2x.png"; sourceTree = "<group>"; };
		8B0793111B148991002CF70F /* iphone-home-v1_1.png */ = {isa = PBXFileReference; lastKnownFileType = image.png; path = "iphone-home-v1_1.png"; sourceTree = "<group>"; };
		8B0793121B148991002CF70F /* iphone-login-changes&font-size.png */ = {isa = PBXFileReference; lastKnownFileType = image.png; path = "iphone-login-changes&font-size.png"; sourceTree = "<group>"; };
		8B0793131B148991002CF70F /* message_bg@2x.png */ = {isa = PBXFileReference; lastKnownFileType = image.png; path = "message_bg@2x.png"; sourceTree = "<group>"; };
		8B0793141B148991002CF70F /* nav-bar@2x.png */ = {isa = PBXFileReference; lastKnownFileType = image.png; path = "nav-bar@2x.png"; sourceTree = "<group>"; };
		8B0793151B148991002CF70F /* red-button-login@2x.png */ = {isa = PBXFileReference; lastKnownFileType = image.png; path = "red-button-login@2x.png"; sourceTree = "<group>"; };
		8B0793161B148991002CF70F /* redbg@2x.png */ = {isa = PBXFileReference; lastKnownFileType = image.png; path = "redbg@2x.png"; sourceTree = "<group>"; };
		8B0793181B148991002CF70F /* Default-568h@2x.png */ = {isa = PBXFileReference; lastKnownFileType = image.png; path = "Default-568h@2x.png"; sourceTree = "<group>"; };
		8B0793191B148991002CF70F /* Default@2x.png */ = {isa = PBXFileReference; lastKnownFileType = image.png; path = "Default@2x.png"; sourceTree = "<group>"; };
		8B0793281B148D67002CF70F /* facebook-login-bg@2x.png */ = {isa = PBXFileReference; lastKnownFileType = image.png; path = "facebook-login-bg@2x.png"; sourceTree = "<group>"; };
		8B0793291B148D67002CF70F /* facebook-login-effectbg@2x.png */ = {isa = PBXFileReference; lastKnownFileType = image.png; path = "facebook-login-effectbg@2x.png"; sourceTree = "<group>"; };
		8B8BA0A81B2801B9004727DD /* DatabaseMethods.h */ = {isa = PBXFileReference; fileEncoding = 4; lastKnownFileType = sourcecode.c.h; name = DatabaseMethods.h; path = Database/DatabaseMethods.h; sourceTree = "<group>"; };
		8B8BA0A91B2801C3004727DD /* buddysIN.sqlite */ = {isa = PBXFileReference; lastKnownFileType = file; name = buddysIN.sqlite; path = Database/buddysIN.sqlite; sourceTree = "<group>"; };
		8B8BA0AA1B2801C3004727DD /* DatabaseMethods.m */ = {isa = PBXFileReference; fileEncoding = 4; lastKnownFileType = sourcecode.c.objc; name = DatabaseMethods.m; path = Database/DatabaseMethods.m; sourceTree = "<group>"; };
		8B8BA0AD1B280245004727DD /* libsqlite3.0.dylib */ = {isa = PBXFileReference; lastKnownFileType = "compiled.mach-o.dylib"; name = libsqlite3.0.dylib; path = usr/lib/libsqlite3.0.dylib; sourceTree = SDKROOT; };
		8B8BA0AE1B280245004727DD /* libsqlite3.dylib */ = {isa = PBXFileReference; lastKnownFileType = "compiled.mach-o.dylib"; name = libsqlite3.dylib; path = usr/lib/libsqlite3.dylib; sourceTree = SDKROOT; };
		8BF2A2181B25A15100A61B54 /* SVPullToRefresh.h */ = {isa = PBXFileReference; fileEncoding = 4; lastKnownFileType = sourcecode.c.h; path = SVPullToRefresh.h; sourceTree = "<group>"; };
		8BF2A2191B25A15100A61B54 /* UIScrollView+SVInfiniteScrolling.h */ = {isa = PBXFileReference; fileEncoding = 4; lastKnownFileType = sourcecode.c.h; path = "UIScrollView+SVInfiniteScrolling.h"; sourceTree = "<group>"; };
		8BF2A21A1B25A15100A61B54 /* UIScrollView+SVInfiniteScrolling.m */ = {isa = PBXFileReference; fileEncoding = 4; lastKnownFileType = sourcecode.c.objc; path = "UIScrollView+SVInfiniteScrolling.m"; sourceTree = "<group>"; };
		8BF2A21B1B25A15100A61B54 /* UIScrollView+SVPullToRefresh.h */ = {isa = PBXFileReference; fileEncoding = 4; lastKnownFileType = sourcecode.c.h; path = "UIScrollView+SVPullToRefresh.h"; sourceTree = "<group>"; };
		8BF2A21C1B25A15100A61B54 /* UIScrollView+SVPullToRefresh.m */ = {isa = PBXFileReference; fileEncoding = 4; lastKnownFileType = sourcecode.c.objc; path = "UIScrollView+SVPullToRefresh.m"; sourceTree = "<group>"; };
		8BFFAA2A1B217F9500D13C27 /* CoreLocation.framework */ = {isa = PBXFileReference; lastKnownFileType = wrapper.framework; name = CoreLocation.framework; path = System/Library/Frameworks/CoreLocation.framework; sourceTree = SDKROOT; };
		8BFFAA461B218A7E00D13C27 /* Reachability.h */ = {isa = PBXFileReference; fileEncoding = 4; lastKnownFileType = sourcecode.c.h; path = Reachability.h; sourceTree = "<group>"; };
		8BFFAA471B218A7E00D13C27 /* Reachability.m */ = {isa = PBXFileReference; fileEncoding = 4; lastKnownFileType = sourcecode.c.objc; path = Reachability.m; sourceTree = "<group>"; };
		8BFFAA491B218A7E00D13C27 /* JSON.h */ = {isa = PBXFileReference; fileEncoding = 4; lastKnownFileType = sourcecode.c.h; path = JSON.h; sourceTree = "<group>"; };
		8BFFAA4A1B218A7E00D13C27 /* NSObject+SBJSON.h */ = {isa = PBXFileReference; fileEncoding = 4; lastKnownFileType = sourcecode.c.h; path = "NSObject+SBJSON.h"; sourceTree = "<group>"; };
		8BFFAA4B1B218A7E00D13C27 /* NSObject+SBJSON.m */ = {isa = PBXFileReference; fileEncoding = 4; lastKnownFileType = sourcecode.c.objc; path = "NSObject+SBJSON.m"; sourceTree = "<group>"; };
		8BFFAA4C1B218A7E00D13C27 /* NSString+SBJSON.h */ = {isa = PBXFileReference; fileEncoding = 4; lastKnownFileType = sourcecode.c.h; path = "NSString+SBJSON.h"; sourceTree = "<group>"; };
		8BFFAA4D1B218A7E00D13C27 /* NSString+SBJSON.m */ = {isa = PBXFileReference; fileEncoding = 4; lastKnownFileType = sourcecode.c.objc; path = "NSString+SBJSON.m"; sourceTree = "<group>"; };
		8BFFAA4E1B218A7E00D13C27 /* SBJSON.h */ = {isa = PBXFileReference; fileEncoding = 4; lastKnownFileType = sourcecode.c.h; path = SBJSON.h; sourceTree = "<group>"; };
		8BFFAA4F1B218A7E00D13C27 /* SBJSON.m */ = {isa = PBXFileReference; fileEncoding = 4; lastKnownFileType = sourcecode.c.objc; path = SBJSON.m; sourceTree = "<group>"; };
		8BFFAA501B218A7E00D13C27 /* SBJsonBase.h */ = {isa = PBXFileReference; fileEncoding = 4; lastKnownFileType = sourcecode.c.h; path = SBJsonBase.h; sourceTree = "<group>"; };
		8BFFAA511B218A7E00D13C27 /* SBJsonBase.m */ = {isa = PBXFileReference; fileEncoding = 4; lastKnownFileType = sourcecode.c.objc; path = SBJsonBase.m; sourceTree = "<group>"; };
		8BFFAA521B218A7E00D13C27 /* SBJsonParser.h */ = {isa = PBXFileReference; fileEncoding = 4; lastKnownFileType = sourcecode.c.h; path = SBJsonParser.h; sourceTree = "<group>"; };
		8BFFAA531B218A7E00D13C27 /* SBJsonParser.m */ = {isa = PBXFileReference; fileEncoding = 4; lastKnownFileType = sourcecode.c.objc; path = SBJsonParser.m; sourceTree = "<group>"; };
		8BFFAA541B218A7E00D13C27 /* SBJsonWriter.h */ = {isa = PBXFileReference; fileEncoding = 4; lastKnownFileType = sourcecode.c.h; path = SBJsonWriter.h; sourceTree = "<group>"; };
		8BFFAA551B218A7E00D13C27 /* SBJsonWriter.m */ = {isa = PBXFileReference; fileEncoding = 4; lastKnownFileType = sourcecode.c.objc; path = SBJsonWriter.m; sourceTree = "<group>"; };
		8BFFAA571B218A7E00D13C27 /* FXBlurView.h */ = {isa = PBXFileReference; fileEncoding = 4; lastKnownFileType = sourcecode.c.h; path = FXBlurView.h; sourceTree = "<group>"; };
		8BFFAA581B218A7E00D13C27 /* FXBlurView.m */ = {isa = PBXFileReference; fileEncoding = 4; lastKnownFileType = sourcecode.c.objc; path = FXBlurView.m; sourceTree = "<group>"; };
		8BFFAA5A1B218A7E00D13C27 /* UCZProgressView.h */ = {isa = PBXFileReference; fileEncoding = 4; lastKnownFileType = sourcecode.c.h; path = UCZProgressView.h; sourceTree = "<group>"; };
		8BFFAA5B1B218A7E00D13C27 /* UCZProgressView.m */ = {isa = PBXFileReference; fileEncoding = 4; lastKnownFileType = sourcecode.c.objc; path = UCZProgressView.m; sourceTree = "<group>"; };
/* End PBXFileReference section */

/* Begin PBXFrameworksBuildPhase section */
		870729DE1B111A7100C6FBAF /* Frameworks */ = {
			isa = PBXFrameworksBuildPhase;
			buildActionMask = 2147483647;
			files = (
				8B8BA0AF1B280245004727DD /* libsqlite3.0.dylib in Frameworks */,
				8B8BA0B01B280245004727DD /* libsqlite3.dylib in Frameworks */,
				8BFFAA2B1B217F9500D13C27 /* CoreLocation.framework in Frameworks */,
				87072A0B1B111E6B00C6FBAF /* FacebookSDK.framework in Frameworks */,
			);
			runOnlyForDeploymentPostprocessing = 0;
		};
		870729F71B111A7100C6FBAF /* Frameworks */ = {
			isa = PBXFrameworksBuildPhase;
			buildActionMask = 2147483647;
			files = (
			);
			runOnlyForDeploymentPostprocessing = 0;
		};
/* End PBXFrameworksBuildPhase section */

/* Begin PBXGroup section */
		01D5395B1C32847300C2A163 /* SDWebImage */ = {
			isa = PBXGroup;
			children = (
				01D5395C1C32847300C2A163 /* MKAnnotationView+WebCache.h */,
				01D5395D1C32847300C2A163 /* MKAnnotationView+WebCache.m */,
				01D5395E1C32847300C2A163 /* NSData+ImageContentType.h */,
				01D5395F1C32847300C2A163 /* NSData+ImageContentType.m */,
				01D539601C32847300C2A163 /* SDImageCache.h */,
				01D539611C32847300C2A163 /* SDImageCache.m */,
				01D539621C32847300C2A163 /* SDWebImageCompat.h */,
				01D539631C32847300C2A163 /* SDWebImageCompat.m */,
				01D539641C32847300C2A163 /* SDWebImageDecoder.h */,
				01D539651C32847300C2A163 /* SDWebImageDecoder.m */,
				01D539661C32847300C2A163 /* SDWebImageDownloader.h */,
				01D539671C32847300C2A163 /* SDWebImageDownloader.m */,
				01D539681C32847300C2A163 /* SDWebImageDownloaderOperation.h */,
				01D539691C32847300C2A163 /* SDWebImageDownloaderOperation.m */,
				01D5396A1C32847300C2A163 /* SDWebImageManager.h */,
				01D5396B1C32847300C2A163 /* SDWebImageManager.m */,
				01D5396C1C32847300C2A163 /* SDWebImageOperation.h */,
				01D5396D1C32847300C2A163 /* SDWebImagePrefetcher.h */,
				01D5396E1C32847300C2A163 /* SDWebImagePrefetcher.m */,
				01D5396F1C32847300C2A163 /* UIButton+WebCache.h */,
				01D539701C32847300C2A163 /* UIButton+WebCache.m */,
				01D539711C32847300C2A163 /* UIImage+GIF.h */,
				01D539721C32847300C2A163 /* UIImage+GIF.m */,
				01D539731C32847300C2A163 /* UIImage+MultiFormat.h */,
				01D539741C32847300C2A163 /* UIImage+MultiFormat.m */,
				01D539751C32847300C2A163 /* UIImage+WebP.h */,
				01D539761C32847300C2A163 /* UIImage+WebP.m */,
				01D539771C32847300C2A163 /* UIImageView+HighlightedWebCache.h */,
				01D539781C32847300C2A163 /* UIImageView+HighlightedWebCache.m */,
				01D539791C32847300C2A163 /* UIImageView+WebCache.h */,
				01D5397A1C32847300C2A163 /* UIImageView+WebCache.m */,
				01D5397B1C32847300C2A163 /* UIView+WebCacheOperation.h */,
				01D5397C1C32847300C2A163 /* UIView+WebCacheOperation.m */,
			);
			name = SDWebImage;
			path = Lib/SDWebImage;
			sourceTree = "<group>";
		};
		870729D81B111A7100C6FBAF = {
			isa = PBXGroup;
			children = (
				8B8BA0AD1B280245004727DD /* libsqlite3.0.dylib */,
				8B8BA0AE1B280245004727DD /* libsqlite3.dylib */,
				8BFFAA2A1B217F9500D13C27 /* CoreLocation.framework */,
				870729E31B111A7100C6FBAF /* BuddysIN */,
				870729FD1B111A7100C6FBAF /* BuddysINTests */,
				870729E21B111A7100C6FBAF /* Products */,
			);
			sourceTree = "<group>";
		};
		870729E21B111A7100C6FBAF /* Products */ = {
			isa = PBXGroup;
			children = (
				870729E11B111A7100C6FBAF /* BuddysIN.app */,
				870729FA1B111A7100C6FBAF /* BuddysINTests.xctest */,
			);
			name = Products;
			sourceTree = "<group>";
		};
		870729E31B111A7100C6FBAF /* BuddysIN */ = {
			isa = PBXGroup;
			children = (
				87072A0C1B111F7200C6FBAF /* AppDelegate */,
				8B0792FC1B142B76002CF70F /* LIB */,
				87F04CE11B13850500085DB4 /* Common */,
				87072A0F1B111FA800C6FBAF /* StoryBoard */,
				87072A0E1B111F8D00C6FBAF /* ViewController */,
				87072A0D1B111F8500C6FBAF /* Domain */,
				870729E41B111A7100C6FBAF /* Supporting Files */,
			);
			path = BuddysIN;
			sourceTree = "<group>";
		};
		870729E41B111A7100C6FBAF /* Supporting Files */ = {
			isa = PBXGroup;
			children = (
				87F04CC81B1374D900085DB4 /* Images */,
				87072A0A1B111E6B00C6FBAF /* FacebookSDK.framework */,
				870729E51B111A7100C6FBAF /* Info.plist */,
				870729E61B111A7100C6FBAF /* main.m */,
			);
			name = "Supporting Files";
			sourceTree = "<group>";
		};
		870729FD1B111A7100C6FBAF /* BuddysINTests */ = {
			isa = PBXGroup;
			children = (
				87072A001B111A7100C6FBAF /* BuddysINTests.m */,
				870729FE1B111A7100C6FBAF /* Supporting Files */,
			);
			path = BuddysINTests;
			sourceTree = "<group>";
		};
		870729FE1B111A7100C6FBAF /* Supporting Files */ = {
			isa = PBXGroup;
			children = (
				870729FF1B111A7100C6FBAF /* Info.plist */,
			);
			name = "Supporting Files";
			sourceTree = "<group>";
		};
		87072A0C1B111F7200C6FBAF /* AppDelegate */ = {
			isa = PBXGroup;
			children = (
				870729E81B111A7100C6FBAF /* AppDelegate.h */,
				870729E91B111A7100C6FBAF /* AppDelegate.m */,
			);
			name = AppDelegate;
			sourceTree = "<group>";
		};
		87072A0D1B111F8500C6FBAF /* Domain */ = {
			isa = PBXGroup;
			children = (
				87A6CEC61B20CD8700422C4A /* Share.h */,
				87A6CEC71B20CD8700422C4A /* Share.m */,
				87A6CEC91B20CD9B00422C4A /* Member.h */,
				87A6CECA1B20CD9B00422C4A /* Member.m */,
			);
			name = Domain;
			sourceTree = "<group>";
		};
		87072A0E1B111F8D00C6FBAF /* ViewController */ = {
			isa = PBXGroup;
			children = (
				870729EB1B111A7100C6FBAF /* ViewController.h */,
				870729EC1B111A7100C6FBAF /* ViewController.m */,
				87F04CDE1B1383A700085DB4 /* HomeViewController.h */,
				87F04CDF1B1383A700085DB4 /* HomeViewController.m */,
				87A6CEC31B20CAB000422C4A /* HomeCell.h */,
				87A6CEC41B20CAB000422C4A /* HomeCell.m */,
				87F04CE51B13962500085DB4 /* TermsViewController.h */,
				87F04CE61B13962500085DB4 /* TermsViewController.m */,
			);
			name = ViewController;
			sourceTree = "<group>";
		};
		87072A0F1B111FA800C6FBAF /* StoryBoard */ = {
			isa = PBXGroup;
			children = (
				870729EE1B111A7100C6FBAF /* Main.storyboard */,
				870729F11B111A7100C6FBAF /* Images.xcassets */,
				870729F31B111A7100C6FBAF /* LaunchScreen.xib */,
			);
			name = StoryBoard;
			sourceTree = "<group>";
		};
		879305891C29C7A90044AE26 /* AFNetworking */ = {
			isa = PBXGroup;
			children = (
				879305C61C29CB2F0044AE26 /* AFHTTPRequestOperation.h */,
				879305C71C29CB2F0044AE26 /* AFHTTPRequestOperation.m */,
				879305C81C29CB2F0044AE26 /* AFHTTPRequestOperationManager.h */,
				879305C91C29CB2F0044AE26 /* AFHTTPRequestOperationManager.m */,
				879305CA1C29CB2F0044AE26 /* AFHTTPSessionManager.h */,
				879305CB1C29CB2F0044AE26 /* AFHTTPSessionManager.m */,
				879305CC1C29CB2F0044AE26 /* AFNetworking.h */,
				879305CD1C29CB2F0044AE26 /* AFNetworkReachabilityManager.h */,
				879305CE1C29CB2F0044AE26 /* AFNetworkReachabilityManager.m */,
				879305CF1C29CB2F0044AE26 /* AFSecurityPolicy.h */,
				879305D01C29CB2F0044AE26 /* AFSecurityPolicy.m */,
				879305D11C29CB2F0044AE26 /* AFURLConnectionOperation.h */,
				879305D21C29CB2F0044AE26 /* AFURLConnectionOperation.m */,
				879305D31C29CB2F0044AE26 /* AFURLRequestSerialization.h */,
				879305D41C29CB2F0044AE26 /* AFURLRequestSerialization.m */,
				879305D51C29CB2F0044AE26 /* AFURLResponseSerialization.h */,
				879305D61C29CB2F0044AE26 /* AFURLResponseSerialization.m */,
				879305D71C29CB2F0044AE26 /* AFURLSessionManager.h */,
				879305D81C29CB2F0044AE26 /* AFURLSessionManager.m */,
			);
			name = AFNetworking;
			path = AFNetworking/AFNetworking;
			sourceTree = "<group>";
		};
		879305E21C29CB3D0044AE26 /* UIKit+AFNetworking */ = {
			isa = PBXGroup;
			children = (
				879305E31C29CB3D0044AE26 /* AFNetworkActivityIndicatorManager.h */,
				879305E41C29CB3D0044AE26 /* AFNetworkActivityIndicatorManager.m */,
				879305E51C29CB3D0044AE26 /* UIActivityIndicatorView+AFNetworking.h */,
				879305E61C29CB3D0044AE26 /* UIActivityIndicatorView+AFNetworking.m */,
				879305E71C29CB3D0044AE26 /* UIAlertView+AFNetworking.h */,
				879305E81C29CB3D0044AE26 /* UIAlertView+AFNetworking.m */,
				879305E91C29CB3D0044AE26 /* UIButton+AFNetworking.h */,
				879305EA1C29CB3D0044AE26 /* UIButton+AFNetworking.m */,
				879305EB1C29CB3D0044AE26 /* UIImageView+AFNetworking.h */,
				879305EC1C29CB3D0044AE26 /* UIImageView+AFNetworking.m */,
				879305ED1C29CB3D0044AE26 /* UIKit+AFNetworking.h */,
				879305EE1C29CB3D0044AE26 /* UIProgressView+AFNetworking.h */,
				879305EF1C29CB3D0044AE26 /* UIProgressView+AFNetworking.m */,
				879305F01C29CB3D0044AE26 /* UIRefreshControl+AFNetworking.h */,
				879305F11C29CB3D0044AE26 /* UIRefreshControl+AFNetworking.m */,
				879305F21C29CB3D0044AE26 /* UIWebView+AFNetworking.h */,
				879305F31C29CB3D0044AE26 /* UIWebView+AFNetworking.m */,
			);
			name = "UIKit+AFNetworking";
			path = "AFNetworking/UIKit+AFNetworking";
			sourceTree = "<group>";
		};
		87B41F921B1F84AC003ACCEE /* Home */ = {
			isa = PBXGroup;
			children = (
				87B41F931B1F84AC003ACCEE /* button_add&bg@2x.png */,
				87B41F941B1F84AC003ACCEE /* button_plus@2x.png */,
				87B41F951B1F84AC003ACCEE /* iphone-home-v1_1.png */,
				87B41F961B1F84AC003ACCEE /* message_bg@2x.png */,
				87B41F971B1F84AC003ACCEE /* nav-bar@2x.png */,
				87B41F981B1F84AC003ACCEE /* redbg@2x.png */,
			);
			path = Home;
			sourceTree = "<group>";
		};
		87F04CC81B1374D900085DB4 /* Images */ = {
			isa = PBXGroup;
			children = (
				87B41F921B1F84AC003ACCEE /* Home */,
				8B07930E1B148991002CF70F /* Screen2 */,
				8B0793171B148991002CF70F /* Splash */,
				87F04CC91B1374D900085DB4 /* Icon */,
				87F04CD01B1374D900085DB4 /* Login */,
			);
			path = Images;
			sourceTree = "<group>";
		};
		87F04CC91B1374D900085DB4 /* Icon */ = {
			isa = PBXGroup;
			children = (
				87F04CCA1B1374D900085DB4 /* buddysin-29@2x.png */,
				87F04CCB1B1374D900085DB4 /* buddysin-29@3x.png */,
				87F04CCC1B1374D900085DB4 /* buddysin-40@2x.png */,
				87F04CCD1B1374D900085DB4 /* buddysin-40@3x.png */,
				87F04CCE1B1374D900085DB4 /* buddysin-60@2x.png */,
				87F04CCF1B1374D900085DB4 /* buddysin-60@3x.png */,
			);
			path = Icon;
			sourceTree = "<group>";
		};
		87F04CD01B1374D900085DB4 /* Login */ = {
			isa = PBXGroup;
			children = (
				87F04CD11B1374D900085DB4 /* login_bg@2x.png */,
				8B0793281B148D67002CF70F /* facebook-login-bg@2x.png */,
				8B0793291B148D67002CF70F /* facebook-login-effectbg@2x.png */,
				87F04CD21B1374D900085DB4 /* logo@2x.png */,
				87F04CD31B1374D900085DB4 /* register-bg@2x.png */,
			);
			path = Login;
			sourceTree = "<group>";
		};
		87F04CE11B13850500085DB4 /* Common */ = {
			isa = PBXGroup;
			children = (
				8B0792FD1B142B8D002CF70F /* ConnectionHandler.h */,
				8B0792FE1B142B8D002CF70F /* ConnectionHandler.m */,
				87F04CE21B13851D00085DB4 /* Constant.h */,
				87F04CE31B13851D00085DB4 /* Constant.m */,
				87F04CE81B139FF800085DB4 /* BuddysINUtil.h */,
				87F04CE91B139FF800085DB4 /* BuddysINUtil.m */,
			);
			name = Common;
			sourceTree = "<group>";
		};
		8B0792FC1B142B76002CF70F /* LIB */ = {
			isa = PBXGroup;
			children = (
				01D5395B1C32847300C2A163 /* SDWebImage */,
				8B8BA0A71B280185004727DD /* Database */,
				8BF2A2171B25A15100A61B54 /* SVPullToRefresh */,
				8BFFAA2C1B218A7D00D13C27 /* Connections */,
				8BFFAA561B218A7E00D13C27 /* FXBlurView */,
				8BFFAA591B218A7E00D13C27 /* Loading */,
			);
			name = LIB;
			sourceTree = "<group>";
		};
		8B07930E1B148991002CF70F /* Screen2 */ = {
			isa = PBXGroup;
			children = (
				8B07930F1B148991002CF70F /* button_add&bg@2x.png */,
				87A6CEC11B20C9BE00422C4A /* iphone-buddysin-icon3.png */,
				8B0793101B148991002CF70F /* button_plus@2x.png */,
				8B0793111B148991002CF70F /* iphone-home-v1_1.png */,
				8B0793121B148991002CF70F /* iphone-login-changes&font-size.png */,
				8B0793131B148991002CF70F /* message_bg@2x.png */,
				8B0793141B148991002CF70F /* nav-bar@2x.png */,
				8B0793151B148991002CF70F /* red-button-login@2x.png */,
				8B0793161B148991002CF70F /* redbg@2x.png */,
			);
			path = Screen2;
			sourceTree = "<group>";
		};
		8B0793171B148991002CF70F /* Splash */ = {
			isa = PBXGroup;
			children = (
				8B0793181B148991002CF70F /* Default-568h@2x.png */,
				8B0793191B148991002CF70F /* Default@2x.png */,
			);
			path = Splash;
			sourceTree = "<group>";
		};
		8B8BA0A71B280185004727DD /* Database */ = {
			isa = PBXGroup;
			children = (
				8B8BA0A91B2801C3004727DD /* buddysIN.sqlite */,
				8B8BA0A81B2801B9004727DD /* DatabaseMethods.h */,
				8B8BA0AA1B2801C3004727DD /* DatabaseMethods.m */,
			);
			name = Database;
			sourceTree = "<group>";
		};
		8BF2A2171B25A15100A61B54 /* SVPullToRefresh */ = {
			isa = PBXGroup;
			children = (
				8BF2A2181B25A15100A61B54 /* SVPullToRefresh.h */,
				8BF2A2191B25A15100A61B54 /* UIScrollView+SVInfiniteScrolling.h */,
				8BF2A21A1B25A15100A61B54 /* UIScrollView+SVInfiniteScrolling.m */,
				8BF2A21B1B25A15100A61B54 /* UIScrollView+SVPullToRefresh.h */,
				8BF2A21C1B25A15100A61B54 /* UIScrollView+SVPullToRefresh.m */,
			);
			name = SVPullToRefresh;
			path = Lib/SVPullToRefresh;
			sourceTree = "<group>";
		};
		8BFFAA2C1B218A7D00D13C27 /* Connections */ = {
			isa = PBXGroup;
			children = (
				879305E21C29CB3D0044AE26 /* UIKit+AFNetworking */,
				879305891C29C7A90044AE26 /* AFNetworking */,
				8BFFAA461B218A7E00D13C27 /* Reachability.h */,
				8BFFAA471B218A7E00D13C27 /* Reachability.m */,
				8BFFAA481B218A7E00D13C27 /* SBJSON */,
			);
			name = Connections;
			path = Lib/Connections;
			sourceTree = "<group>";
		};
		8BFFAA481B218A7E00D13C27 /* SBJSON */ = {
			isa = PBXGroup;
			children = (
				8BFFAA491B218A7E00D13C27 /* JSON.h */,
				8BFFAA4A1B218A7E00D13C27 /* NSObject+SBJSON.h */,
				8BFFAA4B1B218A7E00D13C27 /* NSObject+SBJSON.m */,
				8BFFAA4C1B218A7E00D13C27 /* NSString+SBJSON.h */,
				8BFFAA4D1B218A7E00D13C27 /* NSString+SBJSON.m */,
				8BFFAA4E1B218A7E00D13C27 /* SBJSON.h */,
				8BFFAA4F1B218A7E00D13C27 /* SBJSON.m */,
				8BFFAA501B218A7E00D13C27 /* SBJsonBase.h */,
				8BFFAA511B218A7E00D13C27 /* SBJsonBase.m */,
				8BFFAA521B218A7E00D13C27 /* SBJsonParser.h */,
				8BFFAA531B218A7E00D13C27 /* SBJsonParser.m */,
				8BFFAA541B218A7E00D13C27 /* SBJsonWriter.h */,
				8BFFAA551B218A7E00D13C27 /* SBJsonWriter.m */,
			);
			path = SBJSON;
			sourceTree = "<group>";
		};
		8BFFAA561B218A7E00D13C27 /* FXBlurView */ = {
			isa = PBXGroup;
			children = (
				8BFFAA571B218A7E00D13C27 /* FXBlurView.h */,
				8BFFAA581B218A7E00D13C27 /* FXBlurView.m */,
			);
			name = FXBlurView;
			path = Lib/FXBlurView;
			sourceTree = "<group>";
		};
		8BFFAA591B218A7E00D13C27 /* Loading */ = {
			isa = PBXGroup;
			children = (
				8BFFAA5A1B218A7E00D13C27 /* UCZProgressView.h */,
				8BFFAA5B1B218A7E00D13C27 /* UCZProgressView.m */,
			);
			name = Loading;
			path = Lib/Loading;
			sourceTree = "<group>";
		};
/* End PBXGroup section */

/* Begin PBXNativeTarget section */
		870729E01B111A7100C6FBAF /* BuddysIN */ = {
			isa = PBXNativeTarget;
			buildConfigurationList = 87072A041B111A7100C6FBAF /* Build configuration list for PBXNativeTarget "BuddysIN" */;
			buildPhases = (
				870729DD1B111A7100C6FBAF /* Sources */,
				870729DE1B111A7100C6FBAF /* Frameworks */,
				870729DF1B111A7100C6FBAF /* Resources */,
			);
			buildRules = (
			);
			dependencies = (
			);
			name = BuddysIN;
			productName = BuddysIN;
			productReference = 870729E11B111A7100C6FBAF /* BuddysIN.app */;
			productType = "com.apple.product-type.application";
		};
		870729F91B111A7100C6FBAF /* BuddysINTests */ = {
			isa = PBXNativeTarget;
			buildConfigurationList = 87072A071B111A7100C6FBAF /* Build configuration list for PBXNativeTarget "BuddysINTests" */;
			buildPhases = (
				870729F61B111A7100C6FBAF /* Sources */,
				870729F71B111A7100C6FBAF /* Frameworks */,
				870729F81B111A7100C6FBAF /* Resources */,
			);
			buildRules = (
			);
			dependencies = (
				870729FC1B111A7100C6FBAF /* PBXTargetDependency */,
			);
			name = BuddysINTests;
			productName = BuddysINTests;
			productReference = 870729FA1B111A7100C6FBAF /* BuddysINTests.xctest */;
			productType = "com.apple.product-type.bundle.unit-test";
		};
/* End PBXNativeTarget section */

/* Begin PBXProject section */
		870729D91B111A7100C6FBAF /* Project object */ = {
			isa = PBXProject;
			attributes = {
				LastUpgradeCheck = 0610;
				ORGANIZATIONNAME = "Naveen Kumar Dungarwal";
				TargetAttributes = {
					870729E01B111A7100C6FBAF = {
						CreatedOnToolsVersion = 6.1;
						DevelopmentTeam = F9KDL972HX;
					};
					870729F91B111A7100C6FBAF = {
						CreatedOnToolsVersion = 6.1;
						TestTargetID = 870729E01B111A7100C6FBAF;
					};
				};
			};
			buildConfigurationList = 870729DC1B111A7100C6FBAF /* Build configuration list for PBXProject "BuddysIN" */;
			compatibilityVersion = "Xcode 3.2";
			developmentRegion = English;
			hasScannedForEncodings = 0;
			knownRegions = (
				en,
				Base,
			);
			mainGroup = 870729D81B111A7100C6FBAF;
			productRefGroup = 870729E21B111A7100C6FBAF /* Products */;
			projectDirPath = "";
			projectRoot = "";
			targets = (
				870729E01B111A7100C6FBAF /* BuddysIN */,
				870729F91B111A7100C6FBAF /* BuddysINTests */,
			);
		};
/* End PBXProject section */

/* Begin PBXResourcesBuildPhase section */
		870729DF1B111A7100C6FBAF /* Resources */ = {
			isa = PBXResourcesBuildPhase;
			buildActionMask = 2147483647;
			files = (
				87F04CD91B1374D900085DB4 /* buddysin-60@3x.png in Resources */,
				87F04CDB1B1374D900085DB4 /* logo@2x.png in Resources */,
				8B07931B1B148991002CF70F /* button_plus@2x.png in Resources */,
				87B41F9E1B1F84AC003ACCEE /* redbg@2x.png in Resources */,
				8B07931E1B148991002CF70F /* message_bg@2x.png in Resources */,
				8B07931C1B148991002CF70F /* iphone-home-v1_1.png in Resources */,
				8B0793221B148991002CF70F /* Default-568h@2x.png in Resources */,
				87B41F9B1B1F84AC003ACCEE /* iphone-home-v1_1.png in Resources */,
				8B07932A1B148D67002CF70F /* facebook-login-bg@2x.png in Resources */,
				87F04CD71B1374D900085DB4 /* buddysin-40@3x.png in Resources */,
				870729F01B111A7100C6FBAF /* Main.storyboard in Resources */,
				87F04CD41B1374D900085DB4 /* buddysin-29@2x.png in Resources */,
				8B0793201B148991002CF70F /* red-button-login@2x.png in Resources */,
				87F04CD61B1374D900085DB4 /* buddysin-40@2x.png in Resources */,
				87F04CDA1B1374D900085DB4 /* login_bg@2x.png in Resources */,
				87F04CD81B1374D900085DB4 /* buddysin-60@2x.png in Resources */,
				8B07932B1B148D67002CF70F /* facebook-login-effectbg@2x.png in Resources */,
				8B8BA0AB1B2801C3004727DD /* buddysIN.sqlite in Resources */,
				87F04CD51B1374D900085DB4 /* buddysin-29@3x.png in Resources */,
				87B41F9A1B1F84AC003ACCEE /* button_plus@2x.png in Resources */,
				8B0793211B148991002CF70F /* redbg@2x.png in Resources */,
				87A6CEC21B20C9BE00422C4A /* iphone-buddysin-icon3.png in Resources */,
				87B41F9D1B1F84AC003ACCEE /* nav-bar@2x.png in Resources */,
				87B41F9C1B1F84AC003ACCEE /* message_bg@2x.png in Resources */,
				870729F51B111A7100C6FBAF /* LaunchScreen.xib in Resources */,
				8B0793231B148991002CF70F /* Default@2x.png in Resources */,
				87F04CDC1B1374D900085DB4 /* register-bg@2x.png in Resources */,
				8B07931D1B148991002CF70F /* iphone-login-changes&font-size.png in Resources */,
				870729F21B111A7100C6FBAF /* Images.xcassets in Resources */,
				87B41F991B1F84AC003ACCEE /* button_add&bg@2x.png in Resources */,
				8B07931F1B148991002CF70F /* nav-bar@2x.png in Resources */,
				8B07931A1B148991002CF70F /* button_add&bg@2x.png in Resources */,
			);
			runOnlyForDeploymentPostprocessing = 0;
		};
		870729F81B111A7100C6FBAF /* Resources */ = {
			isa = PBXResourcesBuildPhase;
			buildActionMask = 2147483647;
			files = (
			);
			runOnlyForDeploymentPostprocessing = 0;
		};
/* End PBXResourcesBuildPhase section */

/* Begin PBXSourcesBuildPhase section */
		870729DD1B111A7100C6FBAF /* Sources */ = {
			isa = PBXSourcesBuildPhase;
			buildActionMask = 2147483647;
			files = (
				01D539881C32847300C2A163 /* UIImage+MultiFormat.m in Sources */,
				01D539821C32847300C2A163 /* SDWebImageDownloader.m in Sources */,
				01D539891C32847300C2A163 /* UIImage+WebP.m in Sources */,
				879305F91C29CB3D0044AE26 /* UIProgressView+AFNetworking.m in Sources */,
				879305DD1C29CB2F0044AE26 /* AFSecurityPolicy.m in Sources */,
				87A6CEC81B20CD8700422C4A /* Share.m in Sources */,
				879305F71C29CB3D0044AE26 /* UIButton+AFNetworking.m in Sources */,
				01D5397E1C32847300C2A163 /* NSData+ImageContentType.m in Sources */,
				87F04CE71B13962500085DB4 /* TermsViewController.m in Sources */,
				01D539831C32847300C2A163 /* SDWebImageDownloaderOperation.m in Sources */,
				8BF2A21E1B25A15100A61B54 /* UIScrollView+SVPullToRefresh.m in Sources */,
				01D539811C32847300C2A163 /* SDWebImageDecoder.m in Sources */,
				87F04CEA1B139FF800085DB4 /* BuddysINUtil.m in Sources */,
				879305DE1C29CB2F0044AE26 /* AFURLConnectionOperation.m in Sources */,
				8BFFAA6A1B218A7E00D13C27 /* SBJSON.m in Sources */,
				8BFFAA691B218A7E00D13C27 /* NSString+SBJSON.m in Sources */,
				01D5397D1C32847300C2A163 /* MKAnnotationView+WebCache.m in Sources */,
				8BFFAA6B1B218A7E00D13C27 /* SBJsonBase.m in Sources */,
				01D5398A1C32847300C2A163 /* UIImageView+HighlightedWebCache.m in Sources */,
				879305F61C29CB3D0044AE26 /* UIAlertView+AFNetworking.m in Sources */,
				01D539861C32847300C2A163 /* UIButton+WebCache.m in Sources */,
				879305FB1C29CB3D0044AE26 /* UIWebView+AFNetworking.m in Sources */,
				01D5398B1C32847300C2A163 /* UIImageView+WebCache.m in Sources */,
				879305E11C29CB2F0044AE26 /* AFURLSessionManager.m in Sources */,
				879305F81C29CB3D0044AE26 /* UIImageView+AFNetworking.m in Sources */,
				870729ED1B111A7100C6FBAF /* ViewController.m in Sources */,
				8BF2A21D1B25A15100A61B54 /* UIScrollView+SVInfiniteScrolling.m in Sources */,
				879305F51C29CB3D0044AE26 /* UIActivityIndicatorView+AFNetworking.m in Sources */,
				870729EA1B111A7100C6FBAF /* AppDelegate.m in Sources */,
				87A6CECB1B20CD9B00422C4A /* Member.m in Sources */,
				870729E71B111A7100C6FBAF /* main.m in Sources */,
				879305FA1C29CB3D0044AE26 /* UIRefreshControl+AFNetworking.m in Sources */,
				879305E01C29CB2F0044AE26 /* AFURLResponseSerialization.m in Sources */,
				879305DA1C29CB2F0044AE26 /* AFHTTPRequestOperationManager.m in Sources */,
				879305D91C29CB2F0044AE26 /* AFHTTPRequestOperation.m in Sources */,
				8BFFAA6E1B218A7E00D13C27 /* FXBlurView.m in Sources */,
				87F04CE41B13851D00085DB4 /* Constant.m in Sources */,
				01D539871C32847300C2A163 /* UIImage+GIF.m in Sources */,
				87F04CE01B1383A700085DB4 /* HomeViewController.m in Sources */,
				01D539841C32847300C2A163 /* SDWebImageManager.m in Sources */,
				8BFFAA671B218A7E00D13C27 /* Reachability.m in Sources */,
				8BFFAA6C1B218A7E00D13C27 /* SBJsonParser.m in Sources */,
				879305DC1C29CB2F0044AE26 /* AFNetworkReachabilityManager.m in Sources */,
				01D539801C32847300C2A163 /* SDWebImageCompat.m in Sources */,
				8BFFAA6F1B218A7E00D13C27 /* UCZProgressView.m in Sources */,
				87A6CEC51B20CAB000422C4A /* HomeCell.m in Sources */,
				879305F41C29CB3D0044AE26 /* AFNetworkActivityIndicatorManager.m in Sources */,
				8B0792FF1B142B8D002CF70F /* ConnectionHandler.m in Sources */,
				8BFFAA681B218A7E00D13C27 /* NSObject+SBJSON.m in Sources */,
				01D539851C32847300C2A163 /* SDWebImagePrefetcher.m in Sources */,
				8B8BA0AC1B2801C3004727DD /* DatabaseMethods.m in Sources */,
				879305DF1C29CB2F0044AE26 /* AFURLRequestSerialization.m in Sources */,
				01D5398C1C32847300C2A163 /* UIView+WebCacheOperation.m in Sources */,
				01D5397F1C32847300C2A163 /* SDImageCache.m in Sources */,
				8BFFAA6D1B218A7E00D13C27 /* SBJsonWriter.m in Sources */,
				879305DB1C29CB2F0044AE26 /* AFHTTPSessionManager.m in Sources */,
			);
			runOnlyForDeploymentPostprocessing = 0;
		};
		870729F61B111A7100C6FBAF /* Sources */ = {
			isa = PBXSourcesBuildPhase;
			buildActionMask = 2147483647;
			files = (
				87072A011B111A7100C6FBAF /* BuddysINTests.m in Sources */,
			);
			runOnlyForDeploymentPostprocessing = 0;
		};
/* End PBXSourcesBuildPhase section */

/* Begin PBXTargetDependency section */
		870729FC1B111A7100C6FBAF /* PBXTargetDependency */ = {
			isa = PBXTargetDependency;
			target = 870729E01B111A7100C6FBAF /* BuddysIN */;
			targetProxy = 870729FB1B111A7100C6FBAF /* PBXContainerItemProxy */;
		};
/* End PBXTargetDependency section */

/* Begin PBXVariantGroup section */
		870729EE1B111A7100C6FBAF /* Main.storyboard */ = {
			isa = PBXVariantGroup;
			children = (
				870729EF1B111A7100C6FBAF /* Base */,
			);
			name = Main.storyboard;
			sourceTree = "<group>";
		};
		870729F31B111A7100C6FBAF /* LaunchScreen.xib */ = {
			isa = PBXVariantGroup;
			children = (
				870729F41B111A7100C6FBAF /* Base */,
			);
			name = LaunchScreen.xib;
			sourceTree = "<group>";
		};
/* End PBXVariantGroup section */

/* Begin XCBuildConfiguration section */
		87072A021B111A7100C6FBAF /* Debug */ = {
			isa = XCBuildConfiguration;
			buildSettings = {
				ALWAYS_SEARCH_USER_PATHS = NO;
				CLANG_CXX_LANGUAGE_STANDARD = "gnu++0x";
				CLANG_CXX_LIBRARY = "libc++";
				CLANG_ENABLE_MODULES = YES;
				CLANG_ENABLE_OBJC_ARC = YES;
				CLANG_WARN_BOOL_CONVERSION = YES;
				CLANG_WARN_CONSTANT_CONVERSION = YES;
				CLANG_WARN_DIRECT_OBJC_ISA_USAGE = YES_ERROR;
				CLANG_WARN_EMPTY_BODY = YES;
				CLANG_WARN_ENUM_CONVERSION = YES;
				CLANG_WARN_INT_CONVERSION = YES;
				CLANG_WARN_OBJC_ROOT_CLASS = YES_ERROR;
				CLANG_WARN_UNREACHABLE_CODE = YES;
				CLANG_WARN__DUPLICATE_METHOD_MATCH = YES;
				CODE_SIGN_IDENTITY = "iPhone Developer";
				"CODE_SIGN_IDENTITY[sdk=iphoneos*]" = "iPhone Developer";
				COPY_PHASE_STRIP = NO;
				ENABLE_BITCODE = NO;
				ENABLE_STRICT_OBJC_MSGSEND = YES;
				GCC_C_LANGUAGE_STANDARD = gnu99;
				GCC_DYNAMIC_NO_PIC = NO;
				GCC_OPTIMIZATION_LEVEL = 0;
				GCC_PREPROCESSOR_DEFINITIONS = (
					"DEBUG=1",
					"$(inherited)",
				);
				GCC_SYMBOLS_PRIVATE_EXTERN = NO;
				GCC_WARN_64_TO_32_BIT_CONVERSION = YES;
				GCC_WARN_ABOUT_RETURN_TYPE = YES_ERROR;
				GCC_WARN_UNDECLARED_SELECTOR = YES;
				GCC_WARN_UNINITIALIZED_AUTOS = YES_AGGRESSIVE;
				GCC_WARN_UNUSED_FUNCTION = YES;
				GCC_WARN_UNUSED_VARIABLE = YES;
				IPHONEOS_DEPLOYMENT_TARGET = 8.0;
				MTL_ENABLE_DEBUG_INFO = YES;
				ONLY_ACTIVE_ARCH = YES;
				PROVISIONING_PROFILE = "";
				SDKROOT = iphoneos;
			};
			name = Debug;
		};
		87072A031B111A7100C6FBAF /* Release */ = {
			isa = XCBuildConfiguration;
			buildSettings = {
				ALWAYS_SEARCH_USER_PATHS = NO;
				CLANG_CXX_LANGUAGE_STANDARD = "gnu++0x";
				CLANG_CXX_LIBRARY = "libc++";
				CLANG_ENABLE_MODULES = YES;
				CLANG_ENABLE_OBJC_ARC = YES;
				CLANG_WARN_BOOL_CONVERSION = YES;
				CLANG_WARN_CONSTANT_CONVERSION = YES;
				CLANG_WARN_DIRECT_OBJC_ISA_USAGE = YES_ERROR;
				CLANG_WARN_EMPTY_BODY = YES;
				CLANG_WARN_ENUM_CONVERSION = YES;
				CLANG_WARN_INT_CONVERSION = YES;
				CLANG_WARN_OBJC_ROOT_CLASS = YES_ERROR;
				CLANG_WARN_UNREACHABLE_CODE = YES;
				CLANG_WARN__DUPLICATE_METHOD_MATCH = YES;
				CODE_SIGN_IDENTITY = "iPhone Developer";
				"CODE_SIGN_IDENTITY[sdk=iphoneos*]" = "iPhone Developer";
				COPY_PHASE_STRIP = YES;
				ENABLE_BITCODE = NO;
				ENABLE_NS_ASSERTIONS = NO;
				ENABLE_STRICT_OBJC_MSGSEND = YES;
				GCC_C_LANGUAGE_STANDARD = gnu99;
				GCC_WARN_64_TO_32_BIT_CONVERSION = YES;
				GCC_WARN_ABOUT_RETURN_TYPE = YES_ERROR;
				GCC_WARN_UNDECLARED_SELECTOR = YES;
				GCC_WARN_UNINITIALIZED_AUTOS = YES_AGGRESSIVE;
				GCC_WARN_UNUSED_FUNCTION = YES;
				GCC_WARN_UNUSED_VARIABLE = YES;
				IPHONEOS_DEPLOYMENT_TARGET = 8.0;
				MTL_ENABLE_DEBUG_INFO = NO;
				PROVISIONING_PROFILE = "";
				SDKROOT = iphoneos;
				VALIDATE_PRODUCT = YES;
			};
			name = Release;
		};
		87072A051B111A7100C6FBAF /* Debug */ = {
			isa = XCBuildConfiguration;
			buildSettings = {
				ASSETCATALOG_COMPILER_APPICON_NAME = AppIcon;
				ASSETCATALOG_COMPILER_LAUNCHIMAGE_NAME = LaunchImage;
				CODE_SIGN_IDENTITY = "iPhone Developer";
				"CODE_SIGN_IDENTITY[sdk=iphoneos*]" = "iPhone Developer";
				ENABLE_BITCODE = NO;
				FRAMEWORK_SEARCH_PATHS = (
					"$(inherited)",
					"$(PROJECT_DIR)/BuddysIN",
				);
				INFOPLIST_FILE = BuddysIN/Info.plist;
				IPHONEOS_DEPLOYMENT_TARGET = 8.0;
				LD_RUNPATH_SEARCH_PATHS = "$(inherited) @executable_path/Frameworks";
				PRODUCT_BUNDLE_IDENTIFIER = com.buddysIN.client;
				PRODUCT_NAME = "$(TARGET_NAME)";
				PROVISIONING_PROFILE = "";
				TARGETED_DEVICE_FAMILY = 1;
			};
			name = Debug;
		};
		87072A061B111A7100C6FBAF /* Release */ = {
			isa = XCBuildConfiguration;
			buildSettings = {
				ASSETCATALOG_COMPILER_APPICON_NAME = AppIcon;
				ASSETCATALOG_COMPILER_LAUNCHIMAGE_NAME = LaunchImage;
				CODE_SIGN_IDENTITY = "iPhone Developer";
				"CODE_SIGN_IDENTITY[sdk=iphoneos*]" = "iPhone Developer";
				ENABLE_BITCODE = NO;
				FRAMEWORK_SEARCH_PATHS = (
					"$(inherited)",
					"$(PROJECT_DIR)/BuddysIN",
				);
				INFOPLIST_FILE = BuddysIN/Info.plist;
				IPHONEOS_DEPLOYMENT_TARGET = 8.0;
				LD_RUNPATH_SEARCH_PATHS = "$(inherited) @executable_path/Frameworks";
				PRODUCT_BUNDLE_IDENTIFIER = com.buddysIN.client;
				PRODUCT_NAME = "$(TARGET_NAME)";
				PROVISIONING_PROFILE = "";
				TARGETED_DEVICE_FAMILY = 1;
			};
			name = Release;
		};
		87072A081B111A7100C6FBAF /* Debug */ = {
			isa = XCBuildConfiguration;
			buildSettings = {
				BUNDLE_LOADER = "$(TEST_HOST)";
				CODE_SIGN_IDENTITY = "iPhone Developer";
				"CODE_SIGN_IDENTITY[sdk=iphoneos*]" = "iPhone Developer";
				ENABLE_BITCODE = YES;
				FRAMEWORK_SEARCH_PATHS = (
					"$(SDKROOT)/Developer/Library/Frameworks",
					"$(inherited)",
				);
				GCC_PREPROCESSOR_DEFINITIONS = (
					"DEBUG=1",
					"$(inherited)",
				);
				INFOPLIST_FILE = BuddysINTests/Info.plist;
				LD_RUNPATH_SEARCH_PATHS = "$(inherited) @executable_path/Frameworks @loader_path/Frameworks";
				PRODUCT_NAME = "$(TARGET_NAME)";
				PROVISIONING_PROFILE = "";
				TEST_HOST = "$(BUILT_PRODUCTS_DIR)/BuddysIN.app/BuddysIN";
			};
			name = Debug;
		};
		87072A091B111A7100C6FBAF /* Release */ = {
			isa = XCBuildConfiguration;
			buildSettings = {
				BUNDLE_LOADER = "$(TEST_HOST)";
				CODE_SIGN_IDENTITY = "iPhone Developer";
				"CODE_SIGN_IDENTITY[sdk=iphoneos*]" = "iPhone Developer";
				ENABLE_BITCODE = YES;
				FRAMEWORK_SEARCH_PATHS = (
					"$(SDKROOT)/Developer/Library/Frameworks",
					"$(inherited)",
				);
				INFOPLIST_FILE = BuddysINTests/Info.plist;
				LD_RUNPATH_SEARCH_PATHS = "$(inherited) @executable_path/Frameworks @loader_path/Frameworks";
				PRODUCT_NAME = "$(TARGET_NAME)";
				PROVISIONING_PROFILE = "";
				TEST_HOST = "$(BUILT_PRODUCTS_DIR)/BuddysIN.app/BuddysIN";
			};
			name = Release;
		};
/* End XCBuildConfiguration section */

/* Begin XCConfigurationList section */
		870729DC1B111A7100C6FBAF /* Build configuration list for PBXProject "BuddysIN" */ = {
			isa = XCConfigurationList;
			buildConfigurations = (
				87072A021B111A7100C6FBAF /* Debug */,
				87072A031B111A7100C6FBAF /* Release */,
			);
			defaultConfigurationIsVisible = 0;
			defaultConfigurationName = Release;
		};
		87072A041B111A7100C6FBAF /* Build configuration list for PBXNativeTarget "BuddysIN" */ = {
			isa = XCConfigurationList;
			buildConfigurations = (
				87072A051B111A7100C6FBAF /* Debug */,
				87072A061B111A7100C6FBAF /* Release */,
			);
			defaultConfigurationIsVisible = 0;
			defaultConfigurationName = Release;
		};
		87072A071B111A7100C6FBAF /* Build configuration list for PBXNativeTarget "BuddysINTests" */ = {
			isa = XCConfigurationList;
			buildConfigurations = (
				87072A081B111A7100C6FBAF /* Debug */,
				87072A091B111A7100C6FBAF /* Release */,
			);
			defaultConfigurationIsVisible = 0;
			defaultConfigurationName = Release;
		};
/* End XCConfigurationList section */
	};
	rootObject = 870729D91B111A7100C6FBAF /* Project object */;
}
